{
  "version": 4,
  "terraform_version": "1.14.2",
  "serial": 60,
  "lineage": "41e41383-6d2c-8bc7-8a6e-dd8dc91b7ffb",
  "outputs": {
    "ecr_repository_url": {
      "value": "463655182088.dkr.ecr.ap-south-1.amazonaws.com/capstone-app-repo",
      "type": "string"
    },
    "eks_cluster_endpoint": {
      "value": "https://703BE2E9829C99585850D7696929CDAC.gr7.ap-south-1.eks.amazonaws.com",
      "type": "string"
    },
    "eks_cluster_name": {
      "value": "capstone-eks-cluster",
      "type": "string"
    }
  },
  "resources": [
    {
      "mode": "managed",
      "type": "aws_ecr_repository",
      "name": "capstone_app_repo",
      "provider": "provider[\"registry.terraform.io/hashicorp/aws\"]",
      "instances": [
        {
          "schema_version": 0,
          "attributes": {
            "arn": "arn:aws:ecr:ap-south-1:463655182088:repository/capstone-app-repo",
            "encryption_configuration": [
              {
                "encryption_type": "AES256",
                "kms_key": ""
              }
            ],
            "force_delete": null,
            "id": "capstone-app-repo",
            "image_scanning_configuration": [
              {
                "scan_on_push": true
              }
            ],
            "image_tag_mutability": "MUTABLE",
            "name": "capstone-app-repo",
            "registry_id": "463655182088",
            "repository_url": "463655182088.dkr.ecr.ap-south-1.amazonaws.com/capstone-app-repo",
            "tags": {
              "Name": "capstone-app-repo",
              "Project": "capstone"
            },
            "tags_all": {
              "Name": "capstone-app-repo",
              "Project": "capstone"
            },
            "timeouts": null
          },
          "sensitive_attributes": [],
          "identity_schema_version": 0,
          "private": "eyJlMmJmYjczMC1lY2FhLTExZTYtOGY4OC0zNDM2M2JjN2M0YzAiOnsiZGVsZXRlIjoxMjAwMDAwMDAwMDAwfX0="
        }
      ]
    },
    {
      "mode": "managed",
      "type": "aws_eip",
      "name": "capstone_nat_eip",
      "provider": "provider[\"registry.terraform.io/hashicorp/aws\"]",
      "instances": [
        {
          "schema_version": 0,
          "attributes": {
            "address": null,
            "allocation_id": "eipalloc-030106ba4dfb9335e",
            "arn": "arn:aws:ec2:ap-south-1:463655182088:elastic-ip/eipalloc-030106ba4dfb9335e",
            "associate_with_private_ip": null,
            "association_id": "eipassoc-0198fbe3710f6147d",
            "carrier_ip": "",
            "customer_owned_ip": "",
            "customer_owned_ipv4_pool": "",
            "domain": "vpc",
            "id": "eipalloc-030106ba4dfb9335e",
            "instance": "",
            "ipam_pool_id": null,
            "network_border_group": "ap-south-1",
            "network_interface": "eni-0f44011c3197973f5",
            "private_dns": "ip-10-0-0-215.ap-south-1.compute.internal",
            "private_ip": "10.0.0.215",
            "ptr_record": "",
            "public_dns": "ec2-13-204-27-29.ap-south-1.compute.amazonaws.com",
            "public_ip": "13.204.27.29",
            "public_ipv4_pool": "amazon",
            "tags": {
              "Name": "capstone-nat-eip"
            },
            "tags_all": {
              "Name": "capstone-nat-eip"
            },
            "timeouts": null,
            "vpc": true
          },
          "sensitive_attributes": [],
          "identity_schema_version": 0,
          "private": "eyJlMmJmYjczMC1lY2FhLTExZTYtOGY4OC0zNDM2M2JjN2M0YzAiOnsiZGVsZXRlIjoxODAwMDAwMDAwMDAsInJlYWQiOjkwMDAwMDAwMDAwMCwidXBkYXRlIjozMDAwMDAwMDAwMDB9fQ=="
        }
      ]
    },
    {
      "mode": "managed",
      "type": "aws_internet_gateway",
      "name": "capstone_igw",
      "provider": "provider[\"registry.terraform.io/hashicorp/aws\"]",
      "instances": [
        {
          "schema_version": 0,
          "attributes": {
            "arn": "arn:aws:ec2:ap-south-1:463655182088:internet-gateway/igw-058400d59976f15be",
            "id": "igw-058400d59976f15be",
            "owner_id": "463655182088",
            "tags": {
              "Name": "capstone-igw"
            },
            "tags_all": {
              "Name": "capstone-igw"
            },
            "timeouts": null,
            "vpc_id": "vpc-0184d6b2d7caa83cb"
          },
          "sensitive_attributes": [],
          "identity_schema_version": 0,
          "private": "eyJlMmJmYjczMC1lY2FhLTExZTYtOGY4OC0zNDM2M2JjN2M0YzAiOnsiY3JlYXRlIjoxMjAwMDAwMDAwMDAwLCJkZWxldGUiOjEyMDAwMDAwMDAwMDAsInVwZGF0ZSI6MTIwMDAwMDAwMDAwMH19",
          "dependencies": [
            "aws_vpc.capstone_vpc"
          ]
        }
      ]
    },
    {
      "mode": "managed",
      "type": "aws_nat_gateway",
      "name": "capstone_nat",
      "provider": "provider[\"registry.terraform.io/hashicorp/aws\"]",
      "instances": [
        {
          "schema_version": 0,
          "attributes": {
            "allocation_id": "eipalloc-030106ba4dfb9335e",
            "association_id": "eipassoc-0198fbe3710f6147d",
            "connectivity_type": "public",
            "id": "nat-00a723ddc8e883b27",
            "network_interface_id": "eni-0f44011c3197973f5",
            "private_ip": "10.0.0.215",
            "public_ip": "13.204.27.29",
            "secondary_allocation_ids": [],
            "secondary_private_ip_address_count": 0,
            "secondary_private_ip_addresses": [],
            "subnet_id": "subnet-0933724d7cf91c979",
            "tags": {
              "Name": "capstone-nat-gateway"
            },
            "tags_all": {
              "Name": "capstone-nat-gateway"
            },
            "timeouts": null
          },
          "sensitive_attributes": [],
          "identity_schema_version": 0,
          "private": "eyJlMmJmYjczMC1lY2FhLTExZTYtOGY4OC0zNDM2M2JjN2M0YzAiOnsiY3JlYXRlIjo2MDAwMDAwMDAwMDAsImRlbGV0ZSI6MTgwMDAwMDAwMDAwMCwidXBkYXRlIjo2MDAwMDAwMDAwMDB9fQ==",
          "dependencies": [
            "aws_eip.capstone_nat_eip",
            "aws_subnet.capstone_public_subnet",
            "aws_vpc.capstone_vpc"
          ]
        }
      ]
    },
    {
      "mode": "managed",
      "type": "aws_route_table",
      "name": "capstone_private_rt",
      "provider": "provider[\"registry.terraform.io/hashicorp/aws\"]",
      "instances": [
        {
          "schema_version": 0,
          "attributes": {
            "arn": "arn:aws:ec2:ap-south-1:463655182088:route-table/rtb-08118c410e8ef7908",
            "id": "rtb-08118c410e8ef7908",
            "owner_id": "463655182088",
            "propagating_vgws": [],
            "route": [
              {
                "carrier_gateway_id": "",
                "cidr_block": "0.0.0.0/0",
                "core_network_arn": "",
                "destination_prefix_list_id": "",
                "egress_only_gateway_id": "",
                "gateway_id": "",
                "ipv6_cidr_block": "",
                "local_gateway_id": "",
                "nat_gateway_id": "nat-00a723ddc8e883b27",
                "network_interface_id": "",
                "transit_gateway_id": "",
                "vpc_endpoint_id": "",
                "vpc_peering_connection_id": ""
              }
            ],
            "tags": {
              "Name": "capstone-private-rt"
            },
            "tags_all": {
              "Name": "capstone-private-rt"
            },
            "timeouts": null,
            "vpc_id": "vpc-0184d6b2d7caa83cb"
          },
          "sensitive_attributes": [],
          "identity_schema_version": 0,
          "private": "eyJlMmJmYjczMC1lY2FhLTExZTYtOGY4OC0zNDM2M2JjN2M0YzAiOnsiY3JlYXRlIjozMDAwMDAwMDAwMDAsImRlbGV0ZSI6MzAwMDAwMDAwMDAwLCJ1cGRhdGUiOjEyMDAwMDAwMDAwMH19",
          "dependencies": [
            "aws_eip.capstone_nat_eip",
            "aws_nat_gateway.capstone_nat",
            "aws_subnet.capstone_public_subnet",
            "aws_vpc.capstone_vpc"
          ]
        }
      ]
    },
    {
      "mode": "managed",
      "type": "aws_route_table",
      "name": "capstone_public_rt",
      "provider": "provider[\"registry.terraform.io/hashicorp/aws\"]",
      "instances": [
        {
          "schema_version": 0,
          "attributes": {
            "arn": "arn:aws:ec2:ap-south-1:463655182088:route-table/rtb-0cb385296aa1da535",
            "id": "rtb-0cb385296aa1da535",
            "owner_id": "463655182088",
            "propagating_vgws": [],
            "route": [
              {
                "carrier_gateway_id": "",
                "cidr_block": "0.0.0.0/0",
                "core_network_arn": "",
                "destination_prefix_list_id": "",
                "egress_only_gateway_id": "",
                "gateway_id": "igw-058400d59976f15be",
                "ipv6_cidr_block": "",
                "local_gateway_id": "",
                "nat_gateway_id": "",
                "network_interface_id": "",
                "transit_gateway_id": "",
                "vpc_endpoint_id": "",
                "vpc_peering_connection_id": ""
              }
            ],
            "tags": {
              "Name": "capstone-public-rt"
            },
            "tags_all": {
              "Name": "capstone-public-rt"
            },
            "timeouts": null,
            "vpc_id": "vpc-0184d6b2d7caa83cb"
          },
          "sensitive_attributes": [],
          "identity_schema_version": 0,
          "private": "eyJlMmJmYjczMC1lY2FhLTExZTYtOGY4OC0zNDM2M2JjN2M0YzAiOnsiY3JlYXRlIjozMDAwMDAwMDAwMDAsImRlbGV0ZSI6MzAwMDAwMDAwMDAwLCJ1cGRhdGUiOjEyMDAwMDAwMDAwMH19",
          "dependencies": [
            "aws_internet_gateway.capstone_igw",
            "aws_vpc.capstone_vpc"
          ]
        }
      ]
    },
    {
      "mode": "managed",
      "type": "aws_route_table_association",
      "name": "private_assoc",
      "provider": "provider[\"registry.terraform.io/hashicorp/aws\"]",
      "instances": [
        {
          "index_key": 0,
          "schema_version": 0,
          "attributes": {
            "gateway_id": "",
            "id": "rtbassoc-053f21a893e2da9fa",
            "route_table_id": "rtb-08118c410e8ef7908",
            "subnet_id": "subnet-01e8777081281b9b3",
            "timeouts": null
          },
          "sensitive_attributes": [],
          "identity_schema_version": 0,
          "private": "eyJlMmJmYjczMC1lY2FhLTExZTYtOGY4OC0zNDM2M2JjN2M0YzAiOnsiY3JlYXRlIjozMDAwMDAwMDAwMDAsImRlbGV0ZSI6MzAwMDAwMDAwMDAwLCJ1cGRhdGUiOjEyMDAwMDAwMDAwMH19",
          "dependencies": [
            "aws_eip.capstone_nat_eip",
            "aws_nat_gateway.capstone_nat",
            "aws_route_table.capstone_private_rt",
            "aws_subnet.capstone_private_subnet",
            "aws_subnet.capstone_public_subnet",
            "aws_vpc.capstone_vpc"
          ]
        },
        {
          "index_key": 1,
          "schema_version": 0,
          "attributes": {
            "gateway_id": "",
            "id": "rtbassoc-0e1041e9a2bc113d5",
            "route_table_id": "rtb-08118c410e8ef7908",
            "subnet_id": "subnet-047e98aa0b5d5a8dc",
            "timeouts": null
          },
          "sensitive_attributes": [],
          "identity_schema_version": 0,
          "private": "eyJlMmJmYjczMC1lY2FhLTExZTYtOGY4OC0zNDM2M2JjN2M0YzAiOnsiY3JlYXRlIjozMDAwMDAwMDAwMDAsImRlbGV0ZSI6MzAwMDAwMDAwMDAwLCJ1cGRhdGUiOjEyMDAwMDAwMDAwMH19",
          "dependencies": [
            "aws_eip.capstone_nat_eip",
            "aws_nat_gateway.capstone_nat",
            "aws_route_table.capstone_private_rt",
            "aws_subnet.capstone_private_subnet",
            "aws_subnet.capstone_public_subnet",
            "aws_vpc.capstone_vpc"
          ]
        }
      ]
    },
    {
      "mode": "managed",
      "type": "aws_route_table_association",
      "name": "public_assoc",
      "provider": "provider[\"registry.terraform.io/hashicorp/aws\"]",
      "instances": [
        {
          "index_key": 0,
          "schema_version": 0,
          "attributes": {
            "gateway_id": "",
            "id": "rtbassoc-04ac1d7a0bebf2439",
            "route_table_id": "rtb-0cb385296aa1da535",
            "subnet_id": "subnet-0933724d7cf91c979",
            "timeouts": null
          },
          "sensitive_attributes": [],
          "identity_schema_version": 0,
          "private": "eyJlMmJmYjczMC1lY2FhLTExZTYtOGY4OC0zNDM2M2JjN2M0YzAiOnsiY3JlYXRlIjozMDAwMDAwMDAwMDAsImRlbGV0ZSI6MzAwMDAwMDAwMDAwLCJ1cGRhdGUiOjEyMDAwMDAwMDAwMH19",
          "dependencies": [
            "aws_internet_gateway.capstone_igw",
            "aws_route_table.capstone_public_rt",
            "aws_subnet.capstone_public_subnet",
            "aws_vpc.capstone_vpc"
          ]
        },
        {
          "index_key": 1,
          "schema_version": 0,
          "attributes": {
            "gateway_id": "",
            "id": "rtbassoc-09c5dbf229b0499dc",
            "route_table_id": "rtb-0cb385296aa1da535",
            "subnet_id": "subnet-00923c4ba3a3eec94",
            "timeouts": null
          },
          "sensitive_attributes": [],
          "identity_schema_version": 0,
          "private": "eyJlMmJmYjczMC1lY2FhLTExZTYtOGY4OC0zNDM2M2JjN2M0YzAiOnsiY3JlYXRlIjozMDAwMDAwMDAwMDAsImRlbGV0ZSI6MzAwMDAwMDAwMDAwLCJ1cGRhdGUiOjEyMDAwMDAwMDAwMH19",
          "dependencies": [
            "aws_internet_gateway.capstone_igw",
            "aws_route_table.capstone_public_rt",
            "aws_subnet.capstone_public_subnet",
            "aws_vpc.capstone_vpc"
          ]
        }
      ]
    },
    {
      "mode": "managed",
      "type": "aws_subnet",
      "name": "capstone_private_subnet",
      "provider": "provider[\"registry.terraform.io/hashicorp/aws\"]",
      "instances": [
        {
          "index_key": 0,
          "schema_version": 1,
          "attributes": {
            "arn": "arn:aws:ec2:ap-south-1:463655182088:subnet/subnet-01e8777081281b9b3",
            "assign_ipv6_address_on_creation": false,
            "availability_zone": "ap-south-1a",
            "availability_zone_id": "aps1-az1",
            "cidr_block": "10.0.2.0/24",
            "customer_owned_ipv4_pool": "",
            "enable_dns64": false,
            "enable_lni_at_device_index": 0,
            "enable_resource_name_dns_a_record_on_launch": false,
            "enable_resource_name_dns_aaaa_record_on_launch": false,
            "id": "subnet-01e8777081281b9b3",
            "ipv6_cidr_block": "",
            "ipv6_cidr_block_association_id": "",
            "ipv6_native": false,
            "map_customer_owned_ip_on_launch": false,
            "map_public_ip_on_launch": false,
            "outpost_arn": "",
            "owner_id": "463655182088",
            "private_dns_hostname_type_on_launch": "ip-name",
            "tags": {
              "Name": "capstone-private-subnet-1"
            },
            "tags_all": {
              "Name": "capstone-private-subnet-1"
            },
            "timeouts": null,
            "vpc_id": "vpc-0184d6b2d7caa83cb"
          },
          "sensitive_attributes": [],
          "identity_schema_version": 0,
          "private": "eyJlMmJmYjczMC1lY2FhLTExZTYtOGY4OC0zNDM2M2JjN2M0YzAiOnsiY3JlYXRlIjo2MDAwMDAwMDAwMDAsImRlbGV0ZSI6MTIwMDAwMDAwMDAwMH0sInNjaGVtYV92ZXJzaW9uIjoiMSJ9",
          "dependencies": [
            "aws_vpc.capstone_vpc"
          ],
          "create_before_destroy": true
        },
        {
          "index_key": 1,
          "schema_version": 1,
          "attributes": {
            "arn": "arn:aws:ec2:ap-south-1:463655182088:subnet/subnet-047e98aa0b5d5a8dc",
            "assign_ipv6_address_on_creation": false,
            "availability_zone": "ap-south-1b",
            "availability_zone_id": "aps1-az3",
            "cidr_block": "10.0.3.0/24",
            "customer_owned_ipv4_pool": "",
            "enable_dns64": false,
            "enable_lni_at_device_index": 0,
            "enable_resource_name_dns_a_record_on_launch": false,
            "enable_resource_name_dns_aaaa_record_on_launch": false,
            "id": "subnet-047e98aa0b5d5a8dc",
            "ipv6_cidr_block": "",
            "ipv6_cidr_block_association_id": "",
            "ipv6_native": false,
            "map_customer_owned_ip_on_launch": false,
            "map_public_ip_on_launch": false,
            "outpost_arn": "",
            "owner_id": "463655182088",
            "private_dns_hostname_type_on_launch": "ip-name",
            "tags": {
              "Name": "capstone-private-subnet-2"
            },
            "tags_all": {
              "Name": "capstone-private-subnet-2"
            },
            "timeouts": null,
            "vpc_id": "vpc-0184d6b2d7caa83cb"
          },
          "sensitive_attributes": [],
          "identity_schema_version": 0,
          "private": "eyJlMmJmYjczMC1lY2FhLTExZTYtOGY4OC0zNDM2M2JjN2M0YzAiOnsiY3JlYXRlIjo2MDAwMDAwMDAwMDAsImRlbGV0ZSI6MTIwMDAwMDAwMDAwMH0sInNjaGVtYV92ZXJzaW9uIjoiMSJ9",
          "dependencies": [
            "aws_vpc.capstone_vpc"
          ],
          "create_before_destroy": true
        }
      ]
    },
    {
      "mode": "managed",
      "type": "aws_subnet",
      "name": "capstone_public_subnet",
      "provider": "provider[\"registry.terraform.io/hashicorp/aws\"]",
      "instances": [
        {
          "index_key": 0,
          "schema_version": 1,
          "attributes": {
            "arn": "arn:aws:ec2:ap-south-1:463655182088:subnet/subnet-0933724d7cf91c979",
            "assign_ipv6_address_on_creation": false,
            "availability_zone": "ap-south-1a",
            "availability_zone_id": "aps1-az1",
            "cidr_block": "10.0.0.0/24",
            "customer_owned_ipv4_pool": "",
            "enable_dns64": false,
            "enable_lni_at_device_index": 0,
            "enable_resource_name_dns_a_record_on_launch": false,
            "enable_resource_name_dns_aaaa_record_on_launch": false,
            "id": "subnet-0933724d7cf91c979",
            "ipv6_cidr_block": "",
            "ipv6_cidr_block_association_id": "",
            "ipv6_native": false,
            "map_customer_owned_ip_on_launch": false,
            "map_public_ip_on_launch": true,
            "outpost_arn": "",
            "owner_id": "463655182088",
            "private_dns_hostname_type_on_launch": "ip-name",
            "tags": {
              "Name": "capstone-public-subnet-1"
            },
            "tags_all": {
              "Name": "capstone-public-subnet-1"
            },
            "timeouts": null,
            "vpc_id": "vpc-0184d6b2d7caa83cb"
          },
          "sensitive_attributes": [],
          "identity_schema_version": 0,
          "private": "eyJlMmJmYjczMC1lY2FhLTExZTYtOGY4OC0zNDM2M2JjN2M0YzAiOnsiY3JlYXRlIjo2MDAwMDAwMDAwMDAsImRlbGV0ZSI6MTIwMDAwMDAwMDAwMH0sInNjaGVtYV92ZXJzaW9uIjoiMSJ9",
          "dependencies": [
            "aws_vpc.capstone_vpc"
          ]
        },
        {
          "index_key": 1,
          "schema_version": 1,
          "attributes": {
            "arn": "arn:aws:ec2:ap-south-1:463655182088:subnet/subnet-00923c4ba3a3eec94",
            "assign_ipv6_address_on_creation": false,
            "availability_zone": "ap-south-1b",
            "availability_zone_id": "aps1-az3",
            "cidr_block": "10.0.1.0/24",
            "customer_owned_ipv4_pool": "",
            "enable_dns64": false,
            "enable_lni_at_device_index": 0,
            "enable_resource_name_dns_a_record_on_launch": false,
            "enable_resource_name_dns_aaaa_record_on_launch": false,
            "id": "subnet-00923c4ba3a3eec94",
            "ipv6_cidr_block": "",
            "ipv6_cidr_block_association_id": "",
            "ipv6_native": false,
            "map_customer_owned_ip_on_launch": false,
            "map_public_ip_on_launch": true,
            "outpost_arn": "",
            "owner_id": "463655182088",
            "private_dns_hostname_type_on_launch": "ip-name",
            "tags": {
              "Name": "capstone-public-subnet-2"
            },
            "tags_all": {
              "Name": "capstone-public-subnet-2"
            },
            "timeouts": null,
            "vpc_id": "vpc-0184d6b2d7caa83cb"
          },
          "sensitive_attributes": [],
          "identity_schema_version": 0,
          "private": "eyJlMmJmYjczMC1lY2FhLTExZTYtOGY4OC0zNDM2M2JjN2M0YzAiOnsiY3JlYXRlIjo2MDAwMDAwMDAwMDAsImRlbGV0ZSI6MTIwMDAwMDAwMDAwMH0sInNjaGVtYV92ZXJzaW9uIjoiMSJ9",
          "dependencies": [
            "aws_vpc.capstone_vpc"
          ]
        }
      ]
    },
    {
      "mode": "managed",
      "type": "aws_vpc",
      "name": "capstone_vpc",
      "provider": "provider[\"registry.terraform.io/hashicorp/aws\"]",
      "instances": [
        {
          "schema_version": 1,
          "attributes": {
            "arn": "arn:aws:ec2:ap-south-1:463655182088:vpc/vpc-0184d6b2d7caa83cb",
            "assign_generated_ipv6_cidr_block": false,
            "cidr_block": "10.0.0.0/16",
            "default_network_acl_id": "acl-0966ed7a5a9ea5494",
            "default_route_table_id": "rtb-0ce8c89702d4a22f8",
            "default_security_group_id": "sg-072ced9d3041b27bc",
            "dhcp_options_id": "dopt-051402b247c8e79f2",
            "enable_dns_hostnames": true,
            "enable_dns_support": true,
            "enable_network_address_usage_metrics": false,
            "id": "vpc-0184d6b2d7caa83cb",
            "instance_tenancy": "default",
            "ipv4_ipam_pool_id": null,
            "ipv4_netmask_length": null,
            "ipv6_association_id": "",
            "ipv6_cidr_block": "",
            "ipv6_cidr_block_network_border_group": "",
            "ipv6_ipam_pool_id": "",
            "ipv6_netmask_length": 0,
            "main_route_table_id": "rtb-0ce8c89702d4a22f8",
            "owner_id": "463655182088",
            "tags": {
              "Name": "capstone-vpc"
            },
            "tags_all": {
              "Name": "capstone-vpc"
            }
          },
          "sensitive_attributes": [],
          "identity_schema_version": 0,
          "private": "eyJzY2hlbWFfdmVyc2lvbiI6IjEifQ==",
          "create_before_destroy": true
        }
      ]
    },
    {
      "module": "module.capstone_eks",
      "mode": "data",
      "type": "aws_caller_identity",
      "name": "current",
      "provider": "provider[\"registry.terraform.io/hashicorp/aws\"]",
      "instances": [
        {
          "index_key": 0,
          "schema_version": 0,
          "attributes": {
            "account_id": "463655182088",
            "arn": "arn:aws:iam::463655182088:user/AbhiroopDevOpsCapstone",
            "id": "463655182088",
            "user_id": "AIDAWX5AAT4EPYEWBEIIT"
          },
          "sensitive_attributes": [],
          "identity_schema_version": 0
        }
      ]
    },
    {
      "module": "module.capstone_eks",
      "mode": "data",
      "type": "aws_iam_policy_document",
      "name": "assume_role_policy",
      "provider": "provider[\"registry.terraform.io/hashicorp/aws\"]",
      "instances": [
        {
          "index_key": 0,
          "schema_version": 0,
          "attributes": {
            "id": "2830595799",
            "json": "{\n  \"Version\": \"2012-10-17\",\n  \"Statement\": [\n    {\n      \"Sid\": \"EKSClusterAssumeRole\",\n      \"Effect\": \"Allow\",\n      \"Action\": [\n        \"sts:TagSession\",\n        \"sts:AssumeRole\"\n      ],\n      \"Principal\": {\n        \"Service\": \"eks.amazonaws.com\"\n      }\n    }\n  ]\n}",
            "minified_json": "{\"Version\":\"2012-10-17\",\"Statement\":[{\"Sid\":\"EKSClusterAssumeRole\",\"Effect\":\"Allow\",\"Action\":[\"sts:TagSession\",\"sts:AssumeRole\"],\"Principal\":{\"Service\":\"eks.amazonaws.com\"}}]}",
            "override_json": null,
            "override_policy_documents": null,
            "policy_id": null,
            "source_json": null,
            "source_policy_documents": null,
            "statement": [
              {
                "actions": [
                  "sts:AssumeRole",
                  "sts:TagSession"
                ],
                "condition": [],
                "effect": "Allow",
                "not_actions": [],
                "not_principals": [],
                "not_resources": [],
                "principals": [
                  {
                    "identifiers": [
                      "eks.amazonaws.com"
                    ],
                    "type": "Service"
                  }
                ],
                "resources": [],
                "sid": "EKSClusterAssumeRole"
              }
            ],
            "version": "2012-10-17"
          },
          "sensitive_attributes": [],
          "identity_schema_version": 0
        }
      ]
    },
    {
      "module": "module.capstone_eks",
      "mode": "data",
      "type": "aws_iam_policy_document",
      "name": "custom",
      "provider": "provider[\"registry.terraform.io/hashicorp/aws\"]",
      "instances": [
        {
          "index_key": 0,
          "schema_version": 0,
          "attributes": {
            "id": "513122117",
            "json": "{\n  \"Version\": \"2012-10-17\",\n  \"Statement\": [\n    {\n      \"Sid\": \"Compute\",\n      \"Effect\": \"Allow\",\n      \"Action\": [\n        \"ec2:RunInstances\",\n        \"ec2:CreateLaunchTemplate\",\n        \"ec2:CreateFleet\"\n      ],\n      \"Resource\": \"*\",\n      \"Condition\": {\n        \"StringEquals\": {\n          \"aws:RequestTag/eks:eks-cluster-name\": \"${aws:PrincipalTag/eks:eks-cluster-name}\"\n        },\n        \"StringLike\": {\n          \"aws:RequestTag/eks:kubernetes-node-class-name\": \"*\",\n          \"aws:RequestTag/eks:kubernetes-node-pool-name\": \"*\"\n        }\n      }\n    },\n    {\n      \"Sid\": \"Storage\",\n      \"Effect\": \"Allow\",\n      \"Action\": [\n        \"ec2:CreateVolume\",\n        \"ec2:CreateSnapshot\"\n      ],\n      \"Resource\": [\n        \"arn:aws:ec2:*:*:volume/*\",\n        \"arn:aws:ec2:*:*:snapshot/*\"\n      ],\n      \"Condition\": {\n        \"StringEquals\": {\n          \"aws:RequestTag/eks:eks-cluster-name\": \"${aws:PrincipalTag/eks:eks-cluster-name}\"\n        }\n      }\n    },\n    {\n      \"Sid\": \"Networking\",\n      \"Effect\": \"Allow\",\n      \"Action\": \"ec2:CreateNetworkInterface\",\n      \"Resource\": \"*\",\n      \"Condition\": {\n        \"StringEquals\": {\n          \"aws:RequestTag/eks:eks-cluster-name\": \"${aws:PrincipalTag/eks:eks-cluster-name}\",\n          \"aws:RequestTag/eks:kubernetes-cni-node-name\": \"*\"\n        }\n      }\n    },\n    {\n      \"Sid\": \"LoadBalancer\",\n      \"Effect\": \"Allow\",\n      \"Action\": [\n        \"elasticloadbalancing:CreateTargetGroup\",\n        \"elasticloadbalancing:CreateRule\",\n        \"elasticloadbalancing:CreateLoadBalancer\",\n        \"elasticloadbalancing:CreateListener\",\n        \"ec2:CreateSecurityGroup\"\n      ],\n      \"Resource\": \"*\",\n      \"Condition\": {\n        \"StringEquals\": {\n          \"aws:RequestTag/eks:eks-cluster-name\": \"${aws:PrincipalTag/eks:eks-cluster-name}\"\n        }\n      }\n    },\n    {\n      \"Sid\": \"ShieldProtection\",\n      \"Effect\": \"Allow\",\n      \"Action\": \"shield:CreateProtection\",\n      \"Resource\": \"*\",\n      \"Condition\": {\n        \"StringEquals\": {\n          \"aws:RequestTag/eks:eks-cluster-name\": \"${aws:PrincipalTag/eks:eks-cluster-name}\"\n        }\n      }\n    },\n    {\n      \"Sid\": \"ShieldTagResource\",\n      \"Effect\": \"Allow\",\n      \"Action\": \"shield:TagResource\",\n      \"Resource\": \"arn:aws:shield::*:protection/*\",\n      \"Condition\": {\n        \"StringEquals\": {\n          \"aws:RequestTag/eks:eks-cluster-name\": \"${aws:PrincipalTag/eks:eks-cluster-name}\"\n        }\n      }\n    }\n  ]\n}",
            "minified_json": "{\"Version\":\"2012-10-17\",\"Statement\":[{\"Sid\":\"Compute\",\"Effect\":\"Allow\",\"Action\":[\"ec2:RunInstances\",\"ec2:CreateLaunchTemplate\",\"ec2:CreateFleet\"],\"Resource\":\"*\",\"Condition\":{\"StringEquals\":{\"aws:RequestTag/eks:eks-cluster-name\":\"${aws:PrincipalTag/eks:eks-cluster-name}\"},\"StringLike\":{\"aws:RequestTag/eks:kubernetes-node-class-name\":\"*\",\"aws:RequestTag/eks:kubernetes-node-pool-name\":\"*\"}}},{\"Sid\":\"Storage\",\"Effect\":\"Allow\",\"Action\":[\"ec2:CreateVolume\",\"ec2:CreateSnapshot\"],\"Resource\":[\"arn:aws:ec2:*:*:volume/*\",\"arn:aws:ec2:*:*:snapshot/*\"],\"Condition\":{\"StringEquals\":{\"aws:RequestTag/eks:eks-cluster-name\":\"${aws:PrincipalTag/eks:eks-cluster-name}\"}}},{\"Sid\":\"Networking\",\"Effect\":\"Allow\",\"Action\":\"ec2:CreateNetworkInterface\",\"Resource\":\"*\",\"Condition\":{\"StringEquals\":{\"aws:RequestTag/eks:eks-cluster-name\":\"${aws:PrincipalTag/eks:eks-cluster-name}\",\"aws:RequestTag/eks:kubernetes-cni-node-name\":\"*\"}}},{\"Sid\":\"LoadBalancer\",\"Effect\":\"Allow\",\"Action\":[\"elasticloadbalancing:CreateTargetGroup\",\"elasticloadbalancing:CreateRule\",\"elasticloadbalancing:CreateLoadBalancer\",\"elasticloadbalancing:CreateListener\",\"ec2:CreateSecurityGroup\"],\"Resource\":\"*\",\"Condition\":{\"StringEquals\":{\"aws:RequestTag/eks:eks-cluster-name\":\"${aws:PrincipalTag/eks:eks-cluster-name}\"}}},{\"Sid\":\"ShieldProtection\",\"Effect\":\"Allow\",\"Action\":\"shield:CreateProtection\",\"Resource\":\"*\",\"Condition\":{\"StringEquals\":{\"aws:RequestTag/eks:eks-cluster-name\":\"${aws:PrincipalTag/eks:eks-cluster-name}\"}}},{\"Sid\":\"ShieldTagResource\",\"Effect\":\"Allow\",\"Action\":\"shield:TagResource\",\"Resource\":\"arn:aws:shield::*:protection/*\",\"Condition\":{\"StringEquals\":{\"aws:RequestTag/eks:eks-cluster-name\":\"${aws:PrincipalTag/eks:eks-cluster-name}\"}}}]}",
            "override_json": null,
            "override_policy_documents": null,
            "policy_id": null,
            "source_json": null,
            "source_policy_documents": null,
            "statement": [
              {
                "actions": [
                  "ec2:CreateFleet",
                  "ec2:CreateLaunchTemplate",
                  "ec2:RunInstances"
                ],
                "condition": [
                  {
                    "test": "StringEquals",
                    "values": [
                      "${aws:PrincipalTag/eks:eks-cluster-name}"
                    ],
                    "variable": "aws:RequestTag/eks:eks-cluster-name"
                  },
                  {
                    "test": "StringLike",
                    "values": [
                      "*"
                    ],
                    "variable": "aws:RequestTag/eks:kubernetes-node-class-name"
                  },
                  {
                    "test": "StringLike",
                    "values": [
                      "*"
                    ],
                    "variable": "aws:RequestTag/eks:kubernetes-node-pool-name"
                  }
                ],
                "effect": "Allow",
                "not_actions": [],
                "not_principals": [],
                "not_resources": [],
                "principals": [],
                "resources": [
                  "*"
                ],
                "sid": "Compute"
              },
              {
                "actions": [
                  "ec2:CreateSnapshot",
                  "ec2:CreateVolume"
                ],
                "condition": [
                  {
                    "test": "StringEquals",
                    "values": [
                      "${aws:PrincipalTag/eks:eks-cluster-name}"
                    ],
                    "variable": "aws:RequestTag/eks:eks-cluster-name"
                  }
                ],
                "effect": "Allow",
                "not_actions": [],
                "not_principals": [],
                "not_resources": [],
                "principals": [],
                "resources": [
                  "arn:aws:ec2:*:*:snapshot/*",
                  "arn:aws:ec2:*:*:volume/*"
                ],
                "sid": "Storage"
              },
              {
                "actions": [
                  "ec2:CreateNetworkInterface"
                ],
                "condition": [
                  {
                    "test": "StringEquals",
                    "values": [
                      "${aws:PrincipalTag/eks:eks-cluster-name}"
                    ],
                    "variable": "aws:RequestTag/eks:eks-cluster-name"
                  },
                  {
                    "test": "StringEquals",
                    "values": [
                      "*"
                    ],
                    "variable": "aws:RequestTag/eks:kubernetes-cni-node-name"
                  }
                ],
                "effect": "Allow",
                "not_actions": [],
                "not_principals": [],
                "not_resources": [],
                "principals": [],
                "resources": [
                  "*"
                ],
                "sid": "Networking"
              },
              {
                "actions": [
                  "ec2:CreateSecurityGroup",
                  "elasticloadbalancing:CreateListener",
                  "elasticloadbalancing:CreateLoadBalancer",
                  "elasticloadbalancing:CreateRule",
                  "elasticloadbalancing:CreateTargetGroup"
                ],
                "condition": [
                  {
                    "test": "StringEquals",
                    "values": [
                      "${aws:PrincipalTag/eks:eks-cluster-name}"
                    ],
                    "variable": "aws:RequestTag/eks:eks-cluster-name"
                  }
                ],
                "effect": "Allow",
                "not_actions": [],
                "not_principals": [],
                "not_resources": [],
                "principals": [],
                "resources": [
                  "*"
                ],
                "sid": "LoadBalancer"
              },
              {
                "actions": [
                  "shield:CreateProtection"
                ],
                "condition": [
                  {
                    "test": "StringEquals",
                    "values": [
                      "${aws:PrincipalTag/eks:eks-cluster-name}"
                    ],
                    "variable": "aws:RequestTag/eks:eks-cluster-name"
                  }
                ],
                "effect": "Allow",
                "not_actions": [],
                "not_principals": [],
                "not_resources": [],
                "principals": [],
                "resources": [
                  "*"
                ],
                "sid": "ShieldProtection"
              },
              {
                "actions": [
                  "shield:TagResource"
                ],
                "condition": [
                  {
                    "test": "StringEquals",
                    "values": [
                      "${aws:PrincipalTag/eks:eks-cluster-name}"
                    ],
                    "variable": "aws:RequestTag/eks:eks-cluster-name"
                  }
                ],
                "effect": "Allow",
                "not_actions": [],
                "not_principals": [],
                "not_resources": [],
                "principals": [],
                "resources": [
                  "arn:aws:shield::*:protection/*"
                ],
                "sid": "ShieldTagResource"
              }
            ],
            "version": "2012-10-17"
          },
          "sensitive_attributes": [],
          "identity_schema_version": 0
        }
      ]
    },
    {
      "module": "module.capstone_eks",
      "mode": "data",
      "type": "aws_iam_session_context",
      "name": "current",
      "provider": "provider[\"registry.terraform.io/hashicorp/aws\"]",
      "instances": [
        {
          "index_key": 0,
          "schema_version": 0,
          "attributes": {
            "arn": "arn:aws:iam::463655182088:user/AbhiroopDevOpsCapstone",
            "id": "arn:aws:iam::463655182088:user/AbhiroopDevOpsCapstone",
            "issuer_arn": "arn:aws:iam::463655182088:user/AbhiroopDevOpsCapstone",
            "issuer_id": "",
            "issuer_name": "",
            "session_name": ""
          },
          "sensitive_attributes": [],
          "identity_schema_version": 0
        }
      ]
    },
    {
      "module": "module.capstone_eks",
      "mode": "data",
      "type": "aws_partition",
      "name": "current",
      "provider": "provider[\"registry.terraform.io/hashicorp/aws\"]",
      "instances": [
        {
          "index_key": 0,
          "schema_version": 0,
          "attributes": {
            "dns_suffix": "amazonaws.com",
            "id": "aws",
            "partition": "aws",
            "reverse_dns_prefix": "com.amazonaws"
          },
          "sensitive_attributes": [],
          "identity_schema_version": 0
        }
      ]
    },
    {
      "module": "module.capstone_eks",
      "mode": "data",
      "type": "tls_certificate",
      "name": "this",
      "provider": "provider[\"registry.terraform.io/hashicorp/tls\"]",
      "instances": [
        {
          "index_key": 0,
          "schema_version": 0,
          "attributes": {
            "certificates": [
              {
                "cert_pem": "-----BEGIN CERTIFICATE-----\nMIIEkjCCA3qgAwIBAgITBn+USionzfP6wq4rAfkI7rnExjANBgkqhkiG9w0BAQsF\nADCBmDELMAkGA1UEBhMCVVMxEDAOBgNVBAgTB0FyaXpvbmExEzARBgNVBAcTClNj\nb3R0c2RhbGUxJTAjBgNVBAoTHFN0YXJmaWVsZCBUZWNobm9sb2dpZXMsIEluYy4x\nOzA5BgNVBAMTMlN0YXJmaWVsZCBTZXJ2aWNlcyBSb290IENlcnRpZmljYXRlIEF1\ndGhvcml0eSAtIEcyMB4XDTE1MDUyNTEyMDAwMFoXDTM3MTIzMTAxMDAwMFowOTEL\nMAkGA1UEBhMCVVMxDzANBgNVBAoTBkFtYXpvbjEZMBcGA1UEAxMQQW1hem9uIFJv\nb3QgQ0EgMTCCASIwDQYJKoZIhvcNAQEBBQADggEPADCCAQoCggEBALJ4gHHKeNXj\nca9HgFB0fW7Y14h29Jlo91ghYPl0hAEvrAIthtOgQ3pOsqTQNroBvo3bSMgHFzZM\n9O6II8c+6zf1tRn4SWiw3te5djgdYZ6k/oI2peVKVuRF4fn9tBb6dNqcmzU5L/qw\nIFAGbHrQgLKm+a/sRxmPUDgH3KKHOVj4utWp+UhnMJbulHheb4mjUcAwhmahRWa6\nVOujw5H5SNz/0egwLX0tdHA114gk957EWW67c4cX8jJGKLhD+rcdqsq08p8kDi1L\n93FcXmn/6pUCyziKrlA4b9v7LWIbxcceVOF34GfID5yHI9Y/QCB/IIDEgEw+OyQm\njgSubJrIqg0CAwEAAaOCATEwggEtMA8GA1UdEwEB/wQFMAMBAf8wDgYDVR0PAQH/\nBAQDAgGGMB0GA1UdDgQWBBSEGMyFNOy8DJSULghZnMeyEE4KCDAfBgNVHSMEGDAW\ngBScXwDfqgHXMCs4iKK4bUqc8hGRgzB4BggrBgEFBQcBAQRsMGowLgYIKwYBBQUH\nMAGGImh0dHA6Ly9vY3NwLnJvb3RnMi5hbWF6b250cnVzdC5jb20wOAYIKwYBBQUH\nMAKGLGh0dHA6Ly9jcnQucm9vdGcyLmFtYXpvbnRydXN0LmNvbS9yb290ZzIuY2Vy\nMD0GA1UdHwQ2MDQwMqAwoC6GLGh0dHA6Ly9jcmwucm9vdGcyLmFtYXpvbnRydXN0\nLmNvbS9yb290ZzIuY3JsMBEGA1UdIAQKMAgwBgYEVR0gADANBgkqhkiG9w0BAQsF\nAAOCAQEAYjdCXLwQtT6LLOkMm2xF4gcAevnFWAu5CIw+7bMlPLVvUOTNNWqnkzSW\nMiGpSESrnO09tKpzbeR/FoCJbM8oAxiDR3mjEH4wW6w7sGDgd9QIpuEdfF7Au/ma\neyKdpwAJfqxGF4PcnCZXmTA5YpaP7dreqsXMGz7KQ2hsVxa81Q4gLv7/wmpdLqBK\nbRRYh5TmOTFffHPLkIhqhBGWJ6bt2YFGpn6jcgAKUj6DiAdjd4lpFw85hdKrCEVN\n0FE6/V1dN2RMfjCyVSRCnTawXZwXgWHxyvkQAiSr6w10kY17RSlQOYiypok1JR4U\nakcjMS9cmvqtmg5iUaQqqcT5NJ0hGA==\n-----END CERTIFICATE-----\n",
                "is_ca": true,
                "issuer": "CN=Starfield Services Root Certificate Authority - G2,O=Starfield Technologies\\, Inc.,L=Scottsdale,ST=Arizona,C=US",
                "not_after": "2037-12-31T01:00:00Z",
                "not_before": "2015-05-25T12:00:00Z",
                "public_key_algorithm": "RSA",
                "serial_number": "144918191876577076464031512351042010504348870",
                "sha1_fingerprint": "06b25927c42a721631c1efd9431e648fa62e1e39",
                "signature_algorithm": "SHA256-RSA",
                "subject": "CN=Amazon Root CA 1,O=Amazon,C=US",
                "version": 3
              },
              {
                "cert_pem": "-----BEGIN CERTIFICATE-----\nMIIEXjCCA0agAwIBAgITB3MSTyqVLj7Rili9uF0bwM5fJzANBgkqhkiG9w0BAQsF\nADA5MQswCQYDVQQGEwJVUzEPMA0GA1UEChMGQW1hem9uMRkwFwYDVQQDExBBbWF6\nb24gUm9vdCBDQSAxMB4XDTIyMDgyMzIyMjYzNVoXDTMwMDgyMzIyMjYzNVowPDEL\nMAkGA1UEBhMCVVMxDzANBgNVBAoTBkFtYXpvbjEcMBoGA1UEAxMTQW1hem9uIFJT\nQSAyMDQ4IE0wNDCCASIwDQYJKoZIhvcNAQEBBQADggEPADCCAQoCggEBAM3pVR6A\nlQOp4xe776FdePXyejgA38mYx1ou9/jrpV6Sfn+/oqBKgwhY6ePsQHHQayWBJdBn\nv4Wz363qRI4XUh9swBFJ11TnZ3LqOMvHmWq2+loA0QPtOfXdJ2fHBLrBrngtJ/GB\n0p5olAVYrSZgvQGP16Rf8ddtNyxEEhYm3HuhmNi+vSeAq1tLYJPAvRCXonTpWdSD\nxY6hvdmxlqTYi82AtBXSfpGQ58HHM0hw0C6aQakghrwWi5fGslLOqzpimNMIsT7c\nqa0GJx6JfKqJqmQQNplO2h8n9ZsFJgBowof01ppdoLAWg6caMOM0om/VILKaa30F\n9W/r8Qjah7ltGVkCAwEAAaOCAVowggFWMBIGA1UdEwEB/wQIMAYBAf8CAQAwDgYD\nVR0PAQH/BAQDAgGGMB0GA1UdJQQWMBQGCCsGAQUFBwMBBggrBgEFBQcDAjAdBgNV\nHQ4EFgQUH1KSYVaCVH+BZtgdPQqqMlyH3QgwHwYDVR0jBBgwFoAUhBjMhTTsvAyU\nlC4IWZzHshBOCggwewYIKwYBBQUHAQEEbzBtMC8GCCsGAQUFBzABhiNodHRwOi8v\nb2NzcC5yb290Y2ExLmFtYXpvbnRydXN0LmNvbTA6BggrBgEFBQcwAoYuaHR0cDov\nL2NydC5yb290Y2ExLmFtYXpvbnRydXN0LmNvbS9yb290Y2ExLmNlcjA/BgNVHR8E\nODA2MDSgMqAwhi5odHRwOi8vY3JsLnJvb3RjYTEuYW1hem9udHJ1c3QuY29tL3Jv\nb3RjYTEuY3JsMBMGA1UdIAQMMAowCAYGZ4EMAQIBMA0GCSqGSIb3DQEBCwUAA4IB\nAQA+1O5UsAaNuW3lHzJtpNGwBnZd9QEYFtxpiAnIaV4qApnGS9OCw5ZPwie7YSlD\nZF5yyFPsFhUC2Q9uJHY/CRV1b5hIiGH0+6+w5PgKiY1MWuWT8VAaJjFxvuhM7a/e\nfN2TIw1Wd6WCl6YRisunjQOrSP+unqC8A540JNyZ1JOE3jVqat3OZBGgMvihdj2w\nY23EpwesrKiQzkHzmvSH67PVW4ycbPy08HVZnBxZ5NrlGG9bwXR3fNTaz+c+Ej6c\n5AnwI3qkOFgSkg3Y75cdFz6pO/olK+e3AqygAcv0WjzmkDPuBjssuZjCHMC56oH3\nGJkV29Di2j5prHJbwZjG1inU\n-----END CERTIFICATE-----\n",
                "is_ca": true,
                "issuer": "CN=Amazon Root CA 1,O=Amazon,C=US",
                "not_after": "2030-08-23T22:26:35Z",
                "not_before": "2022-08-23T22:26:35Z",
                "public_key_algorithm": "RSA",
                "serial_number": "166129359584585245282080020727744908546170663",
                "sha1_fingerprint": "e7b8b5a6743ce1b2f17b041de59558a41472d70c",
                "signature_algorithm": "SHA256-RSA",
                "subject": "CN=Amazon RSA 2048 M04,O=Amazon,C=US",
                "version": 3
              },
              {
                "cert_pem": "-----BEGIN CERTIFICATE-----\nMIIF5zCCBM+gAwIBAgIQCKWrXsqK18Q2YLMwlIpxvzANBgkqhkiG9w0BAQsFADA8\nMQswCQYDVQQGEwJVUzEPMA0GA1UEChMGQW1hem9uMRwwGgYDVQQDExNBbWF6b24g\nUlNBIDIwNDggTTA0MB4XDTI1MDQxNjAwMDAwMFoXDTI2MDMyNzIzNTk1OVowKTEn\nMCUGA1UEAwweKi5la3MuYXAtc291dGgtMS5hbWF6b25hd3MuY29tMIIBIjANBgkq\nhkiG9w0BAQEFAAOCAQ8AMIIBCgKCAQEAsF3UBE6MwBL0R1uu17hiu8kFhYQLKvUD\nmt2lrJOJ2qOvXqNbqLVhmjX6JH5G0YvvxdRSTXFerdAR6UFa46OFBYGCP1M2gna1\nUVwbfNMLv1ojSDUMdH9zU7uBpml/wyIYLJWK+/HphFvRwuOATTnF9aD3asi3vxcP\nwDr4GUh70ELRQxMCeFoPqNOHLm/uvVDPp8o0Qw/s0E1PJjqtIbHndXnqO825Sa9D\nqyDbrvpbPkZVQKZDJXs+TaLkHFr5iy5krTxTIxENsSpxxVsCxMwvN2R9xHV9lAY9\nm7hMLEMOvDeKJTxdBL4CSMZoj+MDQ1R8YLK/QTy+ChhKmvO5+BixIwIDAQABo4IC\n9jCCAvIwHwYDVR0jBBgwFoAUH1KSYVaCVH+BZtgdPQqqMlyH3QgwHQYDVR0OBBYE\nFMqHKfGG5cSRYsHiU/Ts0ST2PXi4MCkGA1UdEQQiMCCCHiouZWtzLmFwLXNvdXRo\nLTEuYW1hem9uYXdzLmNvbTATBgNVHSAEDDAKMAgGBmeBDAECATAOBgNVHQ8BAf8E\nBAMCBaAwHQYDVR0lBBYwFAYIKwYBBQUHAwEGCCsGAQUFBwMCMDsGA1UdHwQ0MDIw\nMKAuoCyGKmh0dHA6Ly9jcmwucjJtMDQuYW1hem9udHJ1c3QuY29tL3IybTA0LmNy\nbDB1BggrBgEFBQcBAQRpMGcwLQYIKwYBBQUHMAGGIWh0dHA6Ly9vY3NwLnIybTA0\nLmFtYXpvbnRydXN0LmNvbTA2BggrBgEFBQcwAoYqaHR0cDovL2NydC5yMm0wNC5h\nbWF6b250cnVzdC5jb20vcjJtMDQuY2VyMAwGA1UdEwEB/wQCMAAwggF9BgorBgEE\nAdZ5AgQCBIIBbQSCAWkBZwB2AA5XlLzzrqk+MxssmQez95Dfm8I9cTIl3SGpJaxh\nxU4hAAABlkCtjWIAAAQDAEcwRQIgdDsdr0eh/E6MSJ0W23I7HAUHIeRF9oPeUZH2\ni81/lUkCIQC1sbnmY/5My2XPHy6l4qHypypeFJWYUw98Crc+VldDlwB2AEmcm2ne\nHXzs/DbezYdkprhbrwqHgBnRVVL76esp3fjDAAABlkCtjawAAAQDAEcwRQIgAJjH\nDzPBPhT+A0bQY9BsMSi4rTtvVx+LdeLREmnu954CIQDUMFMlVIX45vU81ornb5Ea\nSjKskF0gT4MYtGyUAqKsGAB1AMs49xWJfIShRF9bwd37yW7ymlnNRwppBYWwyxTD\nFFjnAAABlkCtjWYAAAQDAEYwRAIgaw/Er8mSKbVHWf9gk0mmzqVSKgEUwwRTju8l\nUVvXUugCIARH59A1fykBTIHvGmd/bkPEmbc4WfCDO9BrJAaXieV4MA0GCSqGSIb3\nDQEBCwUAA4IBAQCfW7NAlIgXrWFKbq9KFyCjCw2iQZiwyZAlXcFruvwCgYy2jzzT\nwW1CqE50vx/q2RxHQPrSCvhnnh2UnB3EU8Ye+xX4Q/drEgNFcJWP1A3Ry38hlOcq\nZe9F6ZHcmZPf/JzU80hp7wMqhgE8L6c3w2a80OCcTftZFKfyvBkMcTKAvdjPU04E\nt+NXWizenXUFWFYOaHwwCjjIMzKWf6ttfWsQu88oToPLHknveSDclnW65oCTAkti\nkJQiury7gFh5AxQQK7jH+4xiwupeJmOkVQxlr4uLx1S29ztjja74ccPIdBVrlMuP\nWcqFPgS342Qf8girED9FL65ldFWLoV6+krzN\n-----END CERTIFICATE-----\n",
                "is_ca": false,
                "issuer": "CN=Amazon RSA 2048 M04,O=Amazon,C=US",
                "not_after": "2026-03-27T23:59:59Z",
                "not_before": "2025-04-16T00:00:00Z",
                "public_key_algorithm": "RSA",
                "serial_number": "11494028750110896993720723976017834431",
                "sha1_fingerprint": "6f4c138f25d854e1a619a34967d7448eecc899f8",
                "signature_algorithm": "SHA256-RSA",
                "subject": "CN=*.eks.ap-south-1.amazonaws.com",
                "version": 3
              }
            ],
            "content": null,
            "id": "2efe2bc0b862928b4aefe315c4a10c4ad5223ff5",
            "url": "https://oidc.eks.ap-south-1.amazonaws.com/id/703BE2E9829C99585850D7696929CDAC",
            "verify_chain": true
          },
          "sensitive_attributes": [],
          "identity_schema_version": 0
        }
      ]
    },
    {
      "module": "module.capstone_eks",
      "mode": "managed",
      "type": "aws_cloudwatch_log_group",
      "name": "this",
      "provider": "provider[\"registry.terraform.io/hashicorp/aws\"]",
      "instances": [
        {
          "index_key": 0,
          "schema_version": 0,
          "attributes": {
            "arn": "arn:aws:logs:ap-south-1:463655182088:log-group:/aws/eks/capstone-eks-cluster/cluster",
            "id": "/aws/eks/capstone-eks-cluster/cluster",
            "kms_key_id": "",
            "log_group_class": "STANDARD",
            "name": "/aws/eks/capstone-eks-cluster/cluster",
            "name_prefix": "",
            "retention_in_days": 90,
            "skip_destroy": false,
            "tags": {
              "Name": "/aws/eks/capstone-eks-cluster/cluster",
              "Project": "capstone"
            },
            "tags_all": {
              "Name": "/aws/eks/capstone-eks-cluster/cluster",
              "Project": "capstone"
            }
          },
          "sensitive_attributes": [],
          "identity_schema_version": 0,
          "private": "bnVsbA==",
          "create_before_destroy": true
        }
      ]
    },
    {
      "module": "module.capstone_eks",
      "mode": "managed",
      "type": "aws_ec2_tag",
      "name": "cluster_primary_security_group",
      "provider": "provider[\"registry.terraform.io/hashicorp/aws\"]",
      "instances": [
        {
          "index_key": "Project",
          "schema_version": 0,
          "attributes": {
            "id": "sg-0a2cbc6da818dad30,Project",
            "key": "Project",
            "resource_id": "sg-0a2cbc6da818dad30",
            "value": "capstone"
          },
          "sensitive_attributes": [],
          "identity_schema_version": 0,
          "private": "bnVsbA==",
          "dependencies": [
            "aws_subnet.capstone_private_subnet",
            "aws_vpc.capstone_vpc",
            "module.capstone_eks.aws_cloudwatch_log_group.this",
            "module.capstone_eks.aws_eks_cluster.this",
            "module.capstone_eks.aws_iam_policy.cni_ipv6_policy",
            "module.capstone_eks.aws_iam_role.eks_auto",
            "module.capstone_eks.aws_iam_role.this",
            "module.capstone_eks.aws_iam_role_policy_attachment.this",
            "module.capstone_eks.aws_security_group.cluster",
            "module.capstone_eks.aws_security_group.node",
            "module.capstone_eks.aws_security_group_rule.cluster",
            "module.capstone_eks.aws_security_group_rule.node",
            "module.capstone_eks.data.aws_caller_identity.current",
            "module.capstone_eks.data.aws_iam_policy_document.assume_role_policy",
            "module.capstone_eks.data.aws_iam_policy_document.cni_ipv6_policy",
            "module.capstone_eks.data.aws_iam_policy_document.node_assume_role_policy",
            "module.capstone_eks.data.aws_iam_session_context.current",
            "module.capstone_eks.data.aws_partition.current",
            "module.capstone_eks.module.kms.aws_kms_external_key.this",
            "module.capstone_eks.module.kms.aws_kms_key.this",
            "module.capstone_eks.module.kms.aws_kms_replica_external_key.this",
            "module.capstone_eks.module.kms.aws_kms_replica_key.this",
            "module.capstone_eks.module.kms.data.aws_caller_identity.current",
            "module.capstone_eks.module.kms.data.aws_iam_policy_document.this",
            "module.capstone_eks.module.kms.data.aws_partition.current"
          ]
        }
      ]
    },
    {
      "module": "module.capstone_eks",
      "mode": "managed",
      "type": "aws_eks_access_entry",
      "name": "this",
      "provider": "provider[\"registry.terraform.io/hashicorp/aws\"]",
      "instances": [
        {
          "index_key": "cluster_creator",
          "schema_version": 0,
          "attributes": {
            "access_entry_arn": "arn:aws:eks:ap-south-1:463655182088:access-entry/capstone-eks-cluster/user/463655182088/AbhiroopDevOpsCapstone/2ecd9b1d-27db-c9c6-39a5-a486c9cf8177",
            "cluster_name": "capstone-eks-cluster",
            "created_at": "2025-12-19T10:49:09Z",
            "id": "capstone-eks-cluster:arn:aws:iam::463655182088:user/AbhiroopDevOpsCapstone",
            "kubernetes_groups": [],
            "modified_at": "2025-12-19T10:49:09Z",
            "principal_arn": "arn:aws:iam::463655182088:user/AbhiroopDevOpsCapstone",
            "tags": {
              "Name": "capstone-eks-cluster",
              "Project": "capstone"
            },
            "tags_all": {
              "Name": "capstone-eks-cluster",
              "Project": "capstone"
            },
            "timeouts": null,
            "type": "STANDARD",
            "user_name": "arn:aws:iam::463655182088:user/AbhiroopDevOpsCapstone"
          },
          "sensitive_attributes": [],
          "identity_schema_version": 0,
          "private": "eyJlMmJmYjczMC1lY2FhLTExZTYtOGY4OC0zNDM2M2JjN2M0YzAiOnsiY3JlYXRlIjo2MDAwMDAwMDAwMDAsImRlbGV0ZSI6NjAwMDAwMDAwMDAwfX0=",
          "dependencies": [
            "aws_subnet.capstone_private_subnet",
            "aws_vpc.capstone_vpc",
            "module.capstone_eks.aws_cloudwatch_log_group.this",
            "module.capstone_eks.aws_eks_cluster.this",
            "module.capstone_eks.aws_iam_policy.cni_ipv6_policy",
            "module.capstone_eks.aws_iam_role.eks_auto",
            "module.capstone_eks.aws_iam_role.this",
            "module.capstone_eks.aws_iam_role_policy_attachment.this",
            "module.capstone_eks.aws_security_group.cluster",
            "module.capstone_eks.aws_security_group.node",
            "module.capstone_eks.aws_security_group_rule.cluster",
            "module.capstone_eks.aws_security_group_rule.node",
            "module.capstone_eks.data.aws_caller_identity.current",
            "module.capstone_eks.data.aws_iam_policy_document.assume_role_policy",
            "module.capstone_eks.data.aws_iam_policy_document.cni_ipv6_policy",
            "module.capstone_eks.data.aws_iam_policy_document.node_assume_role_policy",
            "module.capstone_eks.data.aws_iam_session_context.current",
            "module.capstone_eks.data.aws_partition.current",
            "module.capstone_eks.module.kms.aws_kms_external_key.this",
            "module.capstone_eks.module.kms.aws_kms_key.this",
            "module.capstone_eks.module.kms.aws_kms_replica_external_key.this",
            "module.capstone_eks.module.kms.aws_kms_replica_key.this",
            "module.capstone_eks.module.kms.data.aws_caller_identity.current",
            "module.capstone_eks.module.kms.data.aws_iam_policy_document.this",
            "module.capstone_eks.module.kms.data.aws_partition.current"
          ]
        }
      ]
    },
    {
      "module": "module.capstone_eks",
      "mode": "managed",
      "type": "aws_eks_access_policy_association",
      "name": "this",
      "provider": "provider[\"registry.terraform.io/hashicorp/aws\"]",
      "instances": [
        {
          "index_key": "cluster_creator_admin",
          "schema_version": 0,
          "attributes": {
            "access_scope": [
              {
                "namespaces": [],
                "type": "cluster"
              }
            ],
            "associated_at": "2025-12-19 10:49:10.624 +0000 UTC",
            "cluster_name": "capstone-eks-cluster",
            "id": "capstone-eks-cluster#arn:aws:iam::463655182088:user/AbhiroopDevOpsCapstone#arn:aws:eks::aws:cluster-access-policy/AmazonEKSClusterAdminPolicy",
            "modified_at": "2025-12-19 10:49:10.624 +0000 UTC",
            "policy_arn": "arn:aws:eks::aws:cluster-access-policy/AmazonEKSClusterAdminPolicy",
            "principal_arn": "arn:aws:iam::463655182088:user/AbhiroopDevOpsCapstone",
            "timeouts": null
          },
          "sensitive_attributes": [],
          "identity_schema_version": 0,
          "private": "eyJlMmJmYjczMC1lY2FhLTExZTYtOGY4OC0zNDM2M2JjN2M0YzAiOnsiY3JlYXRlIjo2MDAwMDAwMDAwMDAsImRlbGV0ZSI6NjAwMDAwMDAwMDAwfX0=",
          "dependencies": [
            "aws_subnet.capstone_private_subnet",
            "aws_vpc.capstone_vpc",
            "module.capstone_eks.aws_cloudwatch_log_group.this",
            "module.capstone_eks.aws_eks_access_entry.this",
            "module.capstone_eks.aws_eks_cluster.this",
            "module.capstone_eks.aws_iam_policy.cni_ipv6_policy",
            "module.capstone_eks.aws_iam_role.eks_auto",
            "module.capstone_eks.aws_iam_role.this",
            "module.capstone_eks.aws_iam_role_policy_attachment.this",
            "module.capstone_eks.aws_security_group.cluster",
            "module.capstone_eks.aws_security_group.node",
            "module.capstone_eks.aws_security_group_rule.cluster",
            "module.capstone_eks.aws_security_group_rule.node",
            "module.capstone_eks.data.aws_caller_identity.current",
            "module.capstone_eks.data.aws_iam_policy_document.assume_role_policy",
            "module.capstone_eks.data.aws_iam_policy_document.cni_ipv6_policy",
            "module.capstone_eks.data.aws_iam_policy_document.node_assume_role_policy",
            "module.capstone_eks.data.aws_iam_session_context.current",
            "module.capstone_eks.data.aws_partition.current",
            "module.capstone_eks.module.kms.aws_kms_external_key.this",
            "module.capstone_eks.module.kms.aws_kms_key.this",
            "module.capstone_eks.module.kms.aws_kms_replica_external_key.this",
            "module.capstone_eks.module.kms.aws_kms_replica_key.this",
            "module.capstone_eks.module.kms.data.aws_caller_identity.current",
            "module.capstone_eks.module.kms.data.aws_iam_policy_document.this",
            "module.capstone_eks.module.kms.data.aws_partition.current"
          ]
        }
      ]
    },
    {
      "module": "module.capstone_eks",
      "mode": "managed",
      "type": "aws_eks_cluster",
      "name": "this",
      "provider": "provider[\"registry.terraform.io/hashicorp/aws\"]",
      "instances": [
        {
          "index_key": 0,
          "schema_version": 1,
          "attributes": {
            "access_config": [
              {
                "authentication_mode": "API_AND_CONFIG_MAP",
                "bootstrap_cluster_creator_admin_permissions": false
              }
            ],
            "arn": "arn:aws:eks:ap-south-1:463655182088:cluster/capstone-eks-cluster",
            "bootstrap_self_managed_addons": true,
            "certificate_authority": [
              {
                "data": "LS0tLS1CRUdJTiBDRVJUSUZJQ0FURS0tLS0tCk1JSURCVENDQWUyZ0F3SUJBZ0lJSllYN1JDMWhqWkV3RFFZSktvWklodmNOQVFFTEJRQXdGVEVUTUJFR0ExVUUKQXhNS2EzVmlaWEp1WlhSbGN6QWVGdzB5TlRFeU1Ua3hNRE15TlRWYUZ3MHpOVEV5TVRjeE1ETTNOVFZhTUJVeApFekFSQmdOVkJBTVRDbXQxWW1WeWJtVjBaWE13Z2dFaU1BMEdDU3FHU0liM0RRRUJBUVVBQTRJQkR3QXdnZ0VLCkFvSUJBUUM2dU1aa2ZJNWxzQW5USHp3dnpmNTZSQ2lIditDdWhreTQzcHFlV21OcXFDY2JHNDZ4L09JYithR1AKN3ZLVytoZzIxN3ZkNkN6Sytsb1AzNEhJWDJBVDlIc0lubmRHYzR3RHQ5cGRGNlBZUWxuaXhNYjN1QXgybFlBZApSS1dGSnE2ei9mbHZZdmpzTS9RdGhEN2VGcWkvRnFicWtURGRJWTNaYURMaVhwU3NnUzRzeTROcFFQaWdJUDBuCmhjUjUzR1lINi9BZDlIZ3p2WHZFN2tVcThFdThCQy93VUJZMHlUbXgrYXpCRUpreGFFQWRBUGpiOWwxMlNSQ1IKMjJKLzdGZDYybHFpSWJHS1dHZzlzWksvRmJwczFDUlgwTkZwVXV3T2dyQWYxQ1Z5Yk9vQVpHbkZHMGJ6d1A5cApScWZYcW9pOWtON2RCYmROUWxYSlRYbGIyZzJyQWdNQkFBR2pXVEJYTUE0R0ExVWREd0VCL3dRRUF3SUNwREFQCkJnTlZIUk1CQWY4RUJUQURBUUgvTUIwR0ExVWREZ1FXQkJRS0MvTzdGUzhFaXc4cnRqNVBJSGZsTjV5alBUQVYKQmdOVkhSRUVEakFNZ2dwcmRXSmxjbTVsZEdWek1BMEdDU3FHU0liM0RRRUJDd1VBQTRJQkFRQ3gwb0JISEhJOApnK21JQVJNbzJoRzBRc0xKbDAxU2N5WEdpRStuZzhWaFowUmcwcGdxcWxaUFVLZ09wZWtoMW1LY3ZpNmlnclhCCmhkZ0dnMHBVMStTSWVmcEwyODRhTzFPUEhsU0pjTFZEZHNib2toYnRSMHgwZkdBR0g1ckdxUitVQVRIWFhyTloKaUE1TzdGVGJSb3ppT0I0YnkySFBzOHNyL2V1Z2FHemVLU29CaTF3THRyOE1LRXg0OXErRXlqOEhqR1NRdTd6MgpLVE1TTnVVY1BlUTY2Z29YczZ0NlYycjdsM0tGUDdUWHVqbUw2ZFR5cE5PWWc3TFQvOHpJTlVxT3Rnc3BxZmlCCkV6OU9uU2JVQWFHR1RCQ1Rub1QzaCtMOHpMcXhpTFdEV2I2Y0FZTlJqQStwYWVsaG41U3dBOWxYenMzSjhta3UKd3FmaDlLVmFDMitKCi0tLS0tRU5EIENFUlRJRklDQVRFLS0tLS0K"
              }
            ],
            "cluster_id": null,
            "compute_config": [],
            "created_at": "2025-12-19T10:32:04Z",
            "enabled_cluster_log_types": [
              "api",
              "audit",
              "authenticator"
            ],
            "encryption_config": [
              {
                "provider": [
                  {
                    "key_arn": "arn:aws:kms:ap-south-1:463655182088:key/1c45e1a9-1cab-4b3c-8e8e-5c525525b3bd"
                  }
                ],
                "resources": [
                  "secrets"
                ]
              }
            ],
            "endpoint": "https://703BE2E9829C99585850D7696929CDAC.gr7.ap-south-1.eks.amazonaws.com",
            "force_update_version": null,
            "id": "capstone-eks-cluster",
            "identity": [
              {
                "oidc": [
                  {
                    "issuer": "https://oidc.eks.ap-south-1.amazonaws.com/id/703BE2E9829C99585850D7696929CDAC"
                  }
                ]
              }
            ],
            "kubernetes_network_config": [
              {
                "elastic_load_balancing": [
                  {
                    "enabled": false
                  }
                ],
                "ip_family": "ipv4",
                "service_ipv4_cidr": "172.20.0.0/16",
                "service_ipv6_cidr": ""
              }
            ],
            "name": "capstone-eks-cluster",
            "outpost_config": [],
            "platform_version": "eks.58",
            "remote_network_config": [],
            "role_arn": "arn:aws:iam::463655182088:role/capstone-eks-cluster-cluster-20251219102912793100000003",
            "status": "ACTIVE",
            "storage_config": [],
            "tags": {
              "Name": "capstone-eks-cluster",
              "Project": "capstone",
              "terraform-aws-modules": "eks"
            },
            "tags_all": {
              "Name": "capstone-eks-cluster",
              "Project": "capstone",
              "terraform-aws-modules": "eks"
            },
            "timeouts": {
              "create": null,
              "delete": null,
              "update": null
            },
            "upgrade_policy": [
              {
                "support_type": "EXTENDED"
              }
            ],
            "version": "1.29",
            "vpc_config": [
              {
                "cluster_security_group_id": "sg-0a2cbc6da818dad30",
                "endpoint_private_access": true,
                "endpoint_public_access": true,
                "public_access_cidrs": [
                  "0.0.0.0/0"
                ],
                "security_group_ids": [
                  "sg-0409bee76c6115ca4"
                ],
                "subnet_ids": [
                  "subnet-01e8777081281b9b3",
                  "subnet-047e98aa0b5d5a8dc"
                ],
                "vpc_id": "vpc-0184d6b2d7caa83cb"
              }
            ],
            "zonal_shift_config": []
          },
          "sensitive_attributes": [],
          "identity_schema_version": 0,
          "private": "eyJlMmJmYjczMC1lY2FhLTExZTYtOGY4OC0zNDM2M2JjN2M0YzAiOnsiY3JlYXRlIjoxODAwMDAwMDAwMDAwLCJkZWxldGUiOjkwMDAwMDAwMDAwMCwidXBkYXRlIjozNjAwMDAwMDAwMDAwfSwic2NoZW1hX3ZlcnNpb24iOiIxIn0=",
          "dependencies": [
            "aws_subnet.capstone_private_subnet",
            "aws_vpc.capstone_vpc",
            "module.capstone_eks.aws_cloudwatch_log_group.this",
            "module.capstone_eks.aws_iam_policy.cni_ipv6_policy",
            "module.capstone_eks.aws_iam_role.eks_auto",
            "module.capstone_eks.aws_iam_role.this",
            "module.capstone_eks.aws_iam_role_policy_attachment.this",
            "module.capstone_eks.aws_security_group.cluster",
            "module.capstone_eks.aws_security_group.node",
            "module.capstone_eks.aws_security_group_rule.cluster",
            "module.capstone_eks.aws_security_group_rule.node",
            "module.capstone_eks.data.aws_caller_identity.current",
            "module.capstone_eks.data.aws_iam_policy_document.assume_role_policy",
            "module.capstone_eks.data.aws_iam_policy_document.cni_ipv6_policy",
            "module.capstone_eks.data.aws_iam_policy_document.node_assume_role_policy",
            "module.capstone_eks.data.aws_iam_session_context.current",
            "module.capstone_eks.data.aws_partition.current",
            "module.capstone_eks.module.kms.aws_kms_external_key.this",
            "module.capstone_eks.module.kms.aws_kms_key.this",
            "module.capstone_eks.module.kms.aws_kms_replica_external_key.this",
            "module.capstone_eks.module.kms.aws_kms_replica_key.this",
            "module.capstone_eks.module.kms.data.aws_caller_identity.current",
            "module.capstone_eks.module.kms.data.aws_iam_policy_document.this",
            "module.capstone_eks.module.kms.data.aws_partition.current"
          ],
          "create_before_destroy": true
        }
      ]
    },
    {
      "module": "module.capstone_eks",
      "mode": "managed",
      "type": "aws_iam_openid_connect_provider",
      "name": "oidc_provider",
      "provider": "provider[\"registry.terraform.io/hashicorp/aws\"]",
      "instances": [
        {
          "index_key": 0,
          "schema_version": 0,
          "attributes": {
            "arn": "arn:aws:iam::463655182088:oidc-provider/oidc.eks.ap-south-1.amazonaws.com/id/703BE2E9829C99585850D7696929CDAC",
            "client_id_list": [
              "sts.amazonaws.com"
            ],
            "id": "arn:aws:iam::463655182088:oidc-provider/oidc.eks.ap-south-1.amazonaws.com/id/703BE2E9829C99585850D7696929CDAC",
            "tags": {
              "Name": "capstone-eks-cluster",
              "Project": "capstone"
            },
            "tags_all": {
              "Name": "capstone-eks-cluster",
              "Project": "capstone"
            },
            "thumbprint_list": [
              "06b25927c42a721631c1efd9431e648fa62e1e39"
            ],
            "url": "oidc.eks.ap-south-1.amazonaws.com/id/703BE2E9829C99585850D7696929CDAC"
          },
          "sensitive_attributes": [],
          "identity_schema_version": 0,
          "private": "bnVsbA==",
          "dependencies": [
            "aws_subnet.capstone_private_subnet",
            "aws_vpc.capstone_vpc",
            "module.capstone_eks.aws_cloudwatch_log_group.this",
            "module.capstone_eks.aws_eks_cluster.this",
            "module.capstone_eks.aws_iam_policy.cni_ipv6_policy",
            "module.capstone_eks.aws_iam_role.eks_auto",
            "module.capstone_eks.aws_iam_role.this",
            "module.capstone_eks.aws_iam_role_policy_attachment.this",
            "module.capstone_eks.aws_security_group.cluster",
            "module.capstone_eks.aws_security_group.node",
            "module.capstone_eks.aws_security_group_rule.cluster",
            "module.capstone_eks.aws_security_group_rule.node",
            "module.capstone_eks.data.aws_caller_identity.current",
            "module.capstone_eks.data.aws_iam_policy_document.assume_role_policy",
            "module.capstone_eks.data.aws_iam_policy_document.cni_ipv6_policy",
            "module.capstone_eks.data.aws_iam_policy_document.node_assume_role_policy",
            "module.capstone_eks.data.aws_iam_session_context.current",
            "module.capstone_eks.data.aws_partition.current",
            "module.capstone_eks.data.tls_certificate.this",
            "module.capstone_eks.module.kms.aws_kms_external_key.this",
            "module.capstone_eks.module.kms.aws_kms_key.this",
            "module.capstone_eks.module.kms.aws_kms_replica_external_key.this",
            "module.capstone_eks.module.kms.aws_kms_replica_key.this",
            "module.capstone_eks.module.kms.data.aws_caller_identity.current",
            "module.capstone_eks.module.kms.data.aws_iam_policy_document.this",
            "module.capstone_eks.module.kms.data.aws_partition.current"
          ]
        }
      ]
    },
    {
      "module": "module.capstone_eks",
      "mode": "managed",
      "type": "aws_iam_policy",
      "name": "cluster_encryption",
      "provider": "provider[\"registry.terraform.io/hashicorp/aws\"]",
      "instances": [
        {
          "index_key": 0,
          "schema_version": 0,
          "attributes": {
            "arn": "arn:aws:iam::463655182088:policy/capstone-eks-cluster-cluster-ClusterEncryption2025121910293769680000000c",
            "attachment_count": 1,
            "description": "Cluster encryption policy to allow cluster role to utilize CMK provided",
            "id": "arn:aws:iam::463655182088:policy/capstone-eks-cluster-cluster-ClusterEncryption2025121910293769680000000c",
            "name": "capstone-eks-cluster-cluster-ClusterEncryption2025121910293769680000000c",
            "name_prefix": "capstone-eks-cluster-cluster-ClusterEncryption",
            "path": "/",
            "policy": "{\"Statement\":[{\"Action\":[\"kms:Encrypt\",\"kms:Decrypt\",\"kms:ListGrants\",\"kms:DescribeKey\"],\"Effect\":\"Allow\",\"Resource\":\"arn:aws:kms:ap-south-1:463655182088:key/1c45e1a9-1cab-4b3c-8e8e-5c525525b3bd\"}],\"Version\":\"2012-10-17\"}",
            "policy_id": "ANPAWX5AAT4ENUIEKDBBW",
            "tags": {
              "Name": "capstone-eks-cluster",
              "Project": "capstone"
            },
            "tags_all": {
              "Name": "capstone-eks-cluster",
              "Project": "capstone"
            }
          },
          "sensitive_attributes": [],
          "identity_schema_version": 0,
          "private": "bnVsbA==",
          "dependencies": [
            "module.capstone_eks.aws_iam_role.this",
            "module.capstone_eks.data.aws_caller_identity.current",
            "module.capstone_eks.data.aws_iam_policy_document.assume_role_policy",
            "module.capstone_eks.data.aws_iam_session_context.current",
            "module.capstone_eks.module.kms.aws_kms_external_key.this",
            "module.capstone_eks.module.kms.aws_kms_key.this",
            "module.capstone_eks.module.kms.aws_kms_replica_external_key.this",
            "module.capstone_eks.module.kms.aws_kms_replica_key.this",
            "module.capstone_eks.module.kms.data.aws_caller_identity.current",
            "module.capstone_eks.module.kms.data.aws_iam_policy_document.this",
            "module.capstone_eks.module.kms.data.aws_partition.current"
          ]
        }
      ]
    },
    {
      "module": "module.capstone_eks",
      "mode": "managed",
      "type": "aws_iam_policy",
      "name": "custom",
      "provider": "provider[\"registry.terraform.io/hashicorp/aws\"]",
      "instances": [
        {
          "index_key": 0,
          "schema_version": 0,
          "attributes": {
            "arn": "arn:aws:iam::463655182088:policy/capstone-eks-cluster-cluster-20251219102912793200000005",
            "attachment_count": 1,
            "description": "",
            "id": "arn:aws:iam::463655182088:policy/capstone-eks-cluster-cluster-20251219102912793200000005",
            "name": "capstone-eks-cluster-cluster-20251219102912793200000005",
            "name_prefix": "capstone-eks-cluster-cluster-",
            "path": "/",
            "policy": "{\"Statement\":[{\"Action\":[\"ec2:RunInstances\",\"ec2:CreateLaunchTemplate\",\"ec2:CreateFleet\"],\"Condition\":{\"StringEquals\":{\"aws:RequestTag/eks:eks-cluster-name\":\"${aws:PrincipalTag/eks:eks-cluster-name}\"},\"StringLike\":{\"aws:RequestTag/eks:kubernetes-node-class-name\":\"*\",\"aws:RequestTag/eks:kubernetes-node-pool-name\":\"*\"}},\"Effect\":\"Allow\",\"Resource\":\"*\",\"Sid\":\"Compute\"},{\"Action\":[\"ec2:CreateVolume\",\"ec2:CreateSnapshot\"],\"Condition\":{\"StringEquals\":{\"aws:RequestTag/eks:eks-cluster-name\":\"${aws:PrincipalTag/eks:eks-cluster-name}\"}},\"Effect\":\"Allow\",\"Resource\":[\"arn:aws:ec2:*:*:volume/*\",\"arn:aws:ec2:*:*:snapshot/*\"],\"Sid\":\"Storage\"},{\"Action\":\"ec2:CreateNetworkInterface\",\"Condition\":{\"StringEquals\":{\"aws:RequestTag/eks:eks-cluster-name\":\"${aws:PrincipalTag/eks:eks-cluster-name}\",\"aws:RequestTag/eks:kubernetes-cni-node-name\":\"*\"}},\"Effect\":\"Allow\",\"Resource\":\"*\",\"Sid\":\"Networking\"},{\"Action\":[\"elasticloadbalancing:CreateTargetGroup\",\"elasticloadbalancing:CreateRule\",\"elasticloadbalancing:CreateLoadBalancer\",\"elasticloadbalancing:CreateListener\",\"ec2:CreateSecurityGroup\"],\"Condition\":{\"StringEquals\":{\"aws:RequestTag/eks:eks-cluster-name\":\"${aws:PrincipalTag/eks:eks-cluster-name}\"}},\"Effect\":\"Allow\",\"Resource\":\"*\",\"Sid\":\"LoadBalancer\"},{\"Action\":\"shield:CreateProtection\",\"Condition\":{\"StringEquals\":{\"aws:RequestTag/eks:eks-cluster-name\":\"${aws:PrincipalTag/eks:eks-cluster-name}\"}},\"Effect\":\"Allow\",\"Resource\":\"*\",\"Sid\":\"ShieldProtection\"},{\"Action\":\"shield:TagResource\",\"Condition\":{\"StringEquals\":{\"aws:RequestTag/eks:eks-cluster-name\":\"${aws:PrincipalTag/eks:eks-cluster-name}\"}},\"Effect\":\"Allow\",\"Resource\":\"arn:aws:shield::*:protection/*\",\"Sid\":\"ShieldTagResource\"}],\"Version\":\"2012-10-17\"}",
            "policy_id": "ANPAWX5AAT4EARVNBAWV6",
            "tags": {
              "Name": "capstone-eks-cluster",
              "Project": "capstone"
            },
            "tags_all": {
              "Name": "capstone-eks-cluster",
              "Project": "capstone"
            }
          },
          "sensitive_attributes": [],
          "identity_schema_version": 0,
          "private": "bnVsbA==",
          "dependencies": [
            "module.capstone_eks.data.aws_iam_policy_document.custom",
            "module.capstone_eks.data.aws_partition.current"
          ]
        }
      ]
    },
    {
      "module": "module.capstone_eks",
      "mode": "managed",
      "type": "aws_iam_role",
      "name": "this",
      "provider": "provider[\"registry.terraform.io/hashicorp/aws\"]",
      "instances": [
        {
          "index_key": 0,
          "schema_version": 0,
          "attributes": {
            "arn": "arn:aws:iam::463655182088:role/capstone-eks-cluster-cluster-20251219102912793100000003",
            "assume_role_policy": "{\"Statement\":[{\"Action\":[\"sts:TagSession\",\"sts:AssumeRole\"],\"Effect\":\"Allow\",\"Principal\":{\"Service\":\"eks.amazonaws.com\"},\"Sid\":\"EKSClusterAssumeRole\"}],\"Version\":\"2012-10-17\"}",
            "create_date": "2025-12-19T10:29:13Z",
            "description": "",
            "force_detach_policies": true,
            "id": "capstone-eks-cluster-cluster-20251219102912793100000003",
            "inline_policy": [],
            "managed_policy_arns": [
              "arn:aws:iam::463655182088:policy/capstone-eks-cluster-cluster-20251219102912793200000005",
              "arn:aws:iam::463655182088:policy/capstone-eks-cluster-cluster-ClusterEncryption2025121910293769680000000c",
              "arn:aws:iam::aws:policy/AmazonEKSClusterPolicy",
              "arn:aws:iam::aws:policy/AmazonEKSVPCResourceController"
            ],
            "max_session_duration": 3600,
            "name": "capstone-eks-cluster-cluster-20251219102912793100000003",
            "name_prefix": "capstone-eks-cluster-cluster-",
            "path": "/",
            "permissions_boundary": "",
            "tags": {
              "Name": "capstone-eks-cluster",
              "Project": "capstone"
            },
            "tags_all": {
              "Name": "capstone-eks-cluster",
              "Project": "capstone"
            },
            "unique_id": "AROAWX5AAT4EACRFBTS3G"
          },
          "sensitive_attributes": [],
          "identity_schema_version": 0,
          "private": "bnVsbA==",
          "dependencies": [
            "module.capstone_eks.data.aws_iam_policy_document.assume_role_policy"
          ],
          "create_before_destroy": true
        }
      ]
    },
    {
      "module": "module.capstone_eks",
      "mode": "managed",
      "type": "aws_iam_role_policy_attachment",
      "name": "cluster_encryption",
      "provider": "provider[\"registry.terraform.io/hashicorp/aws\"]",
      "instances": [
        {
          "index_key": 0,
          "schema_version": 0,
          "attributes": {
            "id": "capstone-eks-cluster-cluster-20251219102912793100000003-2025121910293904200000000d",
            "policy_arn": "arn:aws:iam::463655182088:policy/capstone-eks-cluster-cluster-ClusterEncryption2025121910293769680000000c",
            "role": "capstone-eks-cluster-cluster-20251219102912793100000003"
          },
          "sensitive_attributes": [],
          "identity_schema_version": 0,
          "private": "bnVsbA==",
          "dependencies": [
            "module.capstone_eks.aws_iam_policy.cluster_encryption",
            "module.capstone_eks.aws_iam_role.this",
            "module.capstone_eks.data.aws_caller_identity.current",
            "module.capstone_eks.data.aws_iam_policy_document.assume_role_policy",
            "module.capstone_eks.data.aws_iam_session_context.current",
            "module.capstone_eks.module.kms.aws_kms_external_key.this",
            "module.capstone_eks.module.kms.aws_kms_key.this",
            "module.capstone_eks.module.kms.aws_kms_replica_external_key.this",
            "module.capstone_eks.module.kms.aws_kms_replica_key.this",
            "module.capstone_eks.module.kms.data.aws_caller_identity.current",
            "module.capstone_eks.module.kms.data.aws_iam_policy_document.this",
            "module.capstone_eks.module.kms.data.aws_partition.current"
          ]
        }
      ]
    },
    {
      "module": "module.capstone_eks",
      "mode": "managed",
      "type": "aws_iam_role_policy_attachment",
      "name": "custom",
      "provider": "provider[\"registry.terraform.io/hashicorp/aws\"]",
      "instances": [
        {
          "index_key": 0,
          "schema_version": 0,
          "attributes": {
            "id": "capstone-eks-cluster-cluster-20251219102912793100000003-20251219102916698000000009",
            "policy_arn": "arn:aws:iam::463655182088:policy/capstone-eks-cluster-cluster-20251219102912793200000005",
            "role": "capstone-eks-cluster-cluster-20251219102912793100000003"
          },
          "sensitive_attributes": [],
          "identity_schema_version": 0,
          "private": "bnVsbA==",
          "dependencies": [
            "module.capstone_eks.aws_iam_policy.custom",
            "module.capstone_eks.aws_iam_role.this",
            "module.capstone_eks.data.aws_iam_policy_document.assume_role_policy",
            "module.capstone_eks.data.aws_iam_policy_document.custom",
            "module.capstone_eks.data.aws_partition.current"
          ]
        }
      ]
    },
    {
      "module": "module.capstone_eks",
      "mode": "managed",
      "type": "aws_iam_role_policy_attachment",
      "name": "this",
      "provider": "provider[\"registry.terraform.io/hashicorp/aws\"]",
      "instances": [
        {
          "index_key": "AmazonEKSClusterPolicy",
          "schema_version": 0,
          "attributes": {
            "id": "capstone-eks-cluster-cluster-20251219102912793100000003-2025121910291676230000000a",
            "policy_arn": "arn:aws:iam::aws:policy/AmazonEKSClusterPolicy",
            "role": "capstone-eks-cluster-cluster-20251219102912793100000003"
          },
          "sensitive_attributes": [],
          "identity_schema_version": 0,
          "private": "bnVsbA==",
          "dependencies": [
            "module.capstone_eks.aws_iam_role.this",
            "module.capstone_eks.data.aws_iam_policy_document.assume_role_policy",
            "module.capstone_eks.data.aws_partition.current"
          ],
          "create_before_destroy": true
        },
        {
          "index_key": "AmazonEKSVPCResourceController",
          "schema_version": 0,
          "attributes": {
            "id": "capstone-eks-cluster-cluster-20251219102912793100000003-2025121910291690810000000b",
            "policy_arn": "arn:aws:iam::aws:policy/AmazonEKSVPCResourceController",
            "role": "capstone-eks-cluster-cluster-20251219102912793100000003"
          },
          "sensitive_attributes": [],
          "identity_schema_version": 0,
          "private": "bnVsbA==",
          "dependencies": [
            "module.capstone_eks.aws_iam_role.this",
            "module.capstone_eks.data.aws_iam_policy_document.assume_role_policy",
            "module.capstone_eks.data.aws_partition.current"
          ],
          "create_before_destroy": true
        }
      ]
    },
    {
      "module": "module.capstone_eks",
      "mode": "managed",
      "type": "aws_security_group",
      "name": "cluster",
      "provider": "provider[\"registry.terraform.io/hashicorp/aws\"]",
      "instances": [
        {
          "index_key": 0,
          "schema_version": 1,
          "attributes": {
            "arn": "arn:aws:ec2:ap-south-1:463655182088:security-group/sg-0409bee76c6115ca4",
            "description": "EKS cluster security group",
            "egress": [],
            "id": "sg-0409bee76c6115ca4",
            "ingress": [
              {
                "cidr_blocks": [],
                "description": "Node groups to cluster API",
                "from_port": 443,
                "ipv6_cidr_blocks": [],
                "prefix_list_ids": [],
                "protocol": "tcp",
                "security_groups": [
                  "sg-0daa32a8f3b03ce46"
                ],
                "self": false,
                "to_port": 443
              }
            ],
            "name": "capstone-eks-cluster-cluster-20251219102912792900000001",
            "name_prefix": "capstone-eks-cluster-cluster-",
            "owner_id": "463655182088",
            "revoke_rules_on_delete": false,
            "tags": {
              "Name": "capstone-eks-cluster-cluster",
              "Project": "capstone"
            },
            "tags_all": {
              "Name": "capstone-eks-cluster-cluster",
              "Project": "capstone"
            },
            "timeouts": null,
            "vpc_id": "vpc-0184d6b2d7caa83cb"
          },
          "sensitive_attributes": [],
          "identity_schema_version": 0,
          "private": "eyJlMmJmYjczMC1lY2FhLTExZTYtOGY4OC0zNDM2M2JjN2M0YzAiOnsiY3JlYXRlIjo2MDAwMDAwMDAwMDAsImRlbGV0ZSI6OTAwMDAwMDAwMDAwfSwic2NoZW1hX3ZlcnNpb24iOiIxIn0=",
          "dependencies": [
            "aws_vpc.capstone_vpc"
          ],
          "create_before_destroy": true
        }
      ]
    },
    {
      "module": "module.capstone_eks",
      "mode": "managed",
      "type": "aws_security_group",
      "name": "node",
      "provider": "provider[\"registry.terraform.io/hashicorp/aws\"]",
      "instances": [
        {
          "index_key": 0,
          "schema_version": 1,
          "attributes": {
            "arn": "arn:aws:ec2:ap-south-1:463655182088:security-group/sg-0daa32a8f3b03ce46",
            "description": "EKS node shared security group",
            "egress": [
              {
                "cidr_blocks": [
                  "0.0.0.0/0"
                ],
                "description": "Allow all egress",
                "from_port": 0,
                "ipv6_cidr_blocks": [],
                "prefix_list_ids": [],
                "protocol": "-1",
                "security_groups": [],
                "self": false,
                "to_port": 0
              }
            ],
            "id": "sg-0daa32a8f3b03ce46",
            "ingress": [
              {
                "cidr_blocks": [],
                "description": "Cluster API to node 4443/tcp webhook",
                "from_port": 4443,
                "ipv6_cidr_blocks": [],
                "prefix_list_ids": [],
                "protocol": "tcp",
                "security_groups": [
                  "sg-0409bee76c6115ca4"
                ],
                "self": false,
                "to_port": 4443
              },
              {
                "cidr_blocks": [],
                "description": "Cluster API to node 6443/tcp webhook",
                "from_port": 6443,
                "ipv6_cidr_blocks": [],
                "prefix_list_ids": [],
                "protocol": "tcp",
                "security_groups": [
                  "sg-0409bee76c6115ca4"
                ],
                "self": false,
                "to_port": 6443
              },
              {
                "cidr_blocks": [],
                "description": "Cluster API to node 8443/tcp webhook",
                "from_port": 8443,
                "ipv6_cidr_blocks": [],
                "prefix_list_ids": [],
                "protocol": "tcp",
                "security_groups": [
                  "sg-0409bee76c6115ca4"
                ],
                "self": false,
                "to_port": 8443
              },
              {
                "cidr_blocks": [],
                "description": "Cluster API to node 9443/tcp webhook",
                "from_port": 9443,
                "ipv6_cidr_blocks": [],
                "prefix_list_ids": [],
                "protocol": "tcp",
                "security_groups": [
                  "sg-0409bee76c6115ca4"
                ],
                "self": false,
                "to_port": 9443
              },
              {
                "cidr_blocks": [],
                "description": "Cluster API to node groups",
                "from_port": 443,
                "ipv6_cidr_blocks": [],
                "prefix_list_ids": [],
                "protocol": "tcp",
                "security_groups": [
                  "sg-0409bee76c6115ca4"
                ],
                "self": false,
                "to_port": 443
              },
              {
                "cidr_blocks": [],
                "description": "Cluster API to node kubelets",
                "from_port": 10250,
                "ipv6_cidr_blocks": [],
                "prefix_list_ids": [],
                "protocol": "tcp",
                "security_groups": [
                  "sg-0409bee76c6115ca4"
                ],
                "self": false,
                "to_port": 10250
              },
              {
                "cidr_blocks": [],
                "description": "Node to node CoreDNS UDP",
                "from_port": 53,
                "ipv6_cidr_blocks": [],
                "prefix_list_ids": [],
                "protocol": "udp",
                "security_groups": [],
                "self": true,
                "to_port": 53
              },
              {
                "cidr_blocks": [],
                "description": "Node to node CoreDNS",
                "from_port": 53,
                "ipv6_cidr_blocks": [],
                "prefix_list_ids": [],
                "protocol": "tcp",
                "security_groups": [],
                "self": true,
                "to_port": 53
              },
              {
                "cidr_blocks": [],
                "description": "Node to node ingress on ephemeral ports",
                "from_port": 1025,
                "ipv6_cidr_blocks": [],
                "prefix_list_ids": [],
                "protocol": "tcp",
                "security_groups": [],
                "self": true,
                "to_port": 65535
              }
            ],
            "name": "capstone-eks-cluster-node-20251219102912792900000002",
            "name_prefix": "capstone-eks-cluster-node-",
            "owner_id": "463655182088",
            "revoke_rules_on_delete": false,
            "tags": {
              "Name": "capstone-eks-cluster-node",
              "Project": "capstone",
              "kubernetes.io/cluster/capstone-eks-cluster": "owned"
            },
            "tags_all": {
              "Name": "capstone-eks-cluster-node",
              "Project": "capstone",
              "kubernetes.io/cluster/capstone-eks-cluster": "owned"
            },
            "timeouts": null,
            "vpc_id": "vpc-0184d6b2d7caa83cb"
          },
          "sensitive_attributes": [],
          "identity_schema_version": 0,
          "private": "eyJlMmJmYjczMC1lY2FhLTExZTYtOGY4OC0zNDM2M2JjN2M0YzAiOnsiY3JlYXRlIjo2MDAwMDAwMDAwMDAsImRlbGV0ZSI6OTAwMDAwMDAwMDAwfSwic2NoZW1hX3ZlcnNpb24iOiIxIn0=",
          "dependencies": [
            "aws_vpc.capstone_vpc"
          ],
          "create_before_destroy": true
        }
      ]
    },
    {
      "module": "module.capstone_eks",
      "mode": "managed",
      "type": "aws_security_group_rule",
      "name": "cluster",
      "provider": "provider[\"registry.terraform.io/hashicorp/aws\"]",
      "instances": [
        {
          "index_key": "ingress_nodes_443",
          "schema_version": 2,
          "attributes": {
            "cidr_blocks": null,
            "description": "Node groups to cluster API",
            "from_port": 443,
            "id": "sgrule-3042255706",
            "ipv6_cidr_blocks": null,
            "prefix_list_ids": null,
            "protocol": "tcp",
            "security_group_id": "sg-0409bee76c6115ca4",
            "security_group_rule_id": "sgr-051969ce66517e50d",
            "self": false,
            "source_security_group_id": "sg-0daa32a8f3b03ce46",
            "timeouts": null,
            "to_port": 443,
            "type": "ingress"
          },
          "sensitive_attributes": [],
          "identity_schema_version": 0,
          "private": "eyJlMmJmYjczMC1lY2FhLTExZTYtOGY4OC0zNDM2M2JjN2M0YzAiOnsiY3JlYXRlIjozMDAwMDAwMDAwMDB9LCJzY2hlbWFfdmVyc2lvbiI6IjIifQ==",
          "dependencies": [
            "aws_vpc.capstone_vpc",
            "module.capstone_eks.aws_security_group.cluster",
            "module.capstone_eks.aws_security_group.node"
          ],
          "create_before_destroy": true
        }
      ]
    },
    {
      "module": "module.capstone_eks",
      "mode": "managed",
      "type": "aws_security_group_rule",
      "name": "node",
      "provider": "provider[\"registry.terraform.io/hashicorp/aws\"]",
      "instances": [
        {
          "index_key": "egress_all",
          "schema_version": 2,
          "attributes": {
            "cidr_blocks": [
              "0.0.0.0/0"
            ],
            "description": "Allow all egress",
            "from_port": 0,
            "id": "sgrule-677199061",
            "ipv6_cidr_blocks": null,
            "prefix_list_ids": [],
            "protocol": "-1",
            "security_group_id": "sg-0daa32a8f3b03ce46",
            "security_group_rule_id": "sgr-0f593e937dda98032",
            "self": false,
            "source_security_group_id": null,
            "timeouts": null,
            "to_port": 0,
            "type": "egress"
          },
          "sensitive_attributes": [],
          "identity_schema_version": 0,
          "private": "eyJlMmJmYjczMC1lY2FhLTExZTYtOGY4OC0zNDM2M2JjN2M0YzAiOnsiY3JlYXRlIjozMDAwMDAwMDAwMDB9LCJzY2hlbWFfdmVyc2lvbiI6IjIifQ==",
          "dependencies": [
            "aws_vpc.capstone_vpc",
            "module.capstone_eks.aws_security_group.cluster",
            "module.capstone_eks.aws_security_group.node"
          ],
          "create_before_destroy": true
        },
        {
          "index_key": "ingress_cluster_443",
          "schema_version": 2,
          "attributes": {
            "cidr_blocks": null,
            "description": "Cluster API to node groups",
            "from_port": 443,
            "id": "sgrule-1834044748",
            "ipv6_cidr_blocks": null,
            "prefix_list_ids": [],
            "protocol": "tcp",
            "security_group_id": "sg-0daa32a8f3b03ce46",
            "security_group_rule_id": "sgr-0fba5b11390a8892a",
            "self": false,
            "source_security_group_id": "sg-0409bee76c6115ca4",
            "timeouts": null,
            "to_port": 443,
            "type": "ingress"
          },
          "sensitive_attributes": [],
          "identity_schema_version": 0,
          "private": "eyJlMmJmYjczMC1lY2FhLTExZTYtOGY4OC0zNDM2M2JjN2M0YzAiOnsiY3JlYXRlIjozMDAwMDAwMDAwMDB9LCJzY2hlbWFfdmVyc2lvbiI6IjIifQ==",
          "dependencies": [
            "aws_vpc.capstone_vpc",
            "module.capstone_eks.aws_security_group.cluster",
            "module.capstone_eks.aws_security_group.node"
          ],
          "create_before_destroy": true
        },
        {
          "index_key": "ingress_cluster_4443_webhook",
          "schema_version": 2,
          "attributes": {
            "cidr_blocks": null,
            "description": "Cluster API to node 4443/tcp webhook",
            "from_port": 4443,
            "id": "sgrule-994029969",
            "ipv6_cidr_blocks": null,
            "prefix_list_ids": [],
            "protocol": "tcp",
            "security_group_id": "sg-0daa32a8f3b03ce46",
            "security_group_rule_id": "sgr-05e5dc61ae525f46a",
            "self": false,
            "source_security_group_id": "sg-0409bee76c6115ca4",
            "timeouts": null,
            "to_port": 4443,
            "type": "ingress"
          },
          "sensitive_attributes": [],
          "identity_schema_version": 0,
          "private": "eyJlMmJmYjczMC1lY2FhLTExZTYtOGY4OC0zNDM2M2JjN2M0YzAiOnsiY3JlYXRlIjozMDAwMDAwMDAwMDB9LCJzY2hlbWFfdmVyc2lvbiI6IjIifQ==",
          "dependencies": [
            "aws_vpc.capstone_vpc",
            "module.capstone_eks.aws_security_group.cluster",
            "module.capstone_eks.aws_security_group.node"
          ],
          "create_before_destroy": true
        },
        {
          "index_key": "ingress_cluster_6443_webhook",
          "schema_version": 2,
          "attributes": {
            "cidr_blocks": null,
            "description": "Cluster API to node 6443/tcp webhook",
            "from_port": 6443,
            "id": "sgrule-4068333063",
            "ipv6_cidr_blocks": null,
            "prefix_list_ids": [],
            "protocol": "tcp",
            "security_group_id": "sg-0daa32a8f3b03ce46",
            "security_group_rule_id": "sgr-0ac0def0abaa1d2b1",
            "self": false,
            "source_security_group_id": "sg-0409bee76c6115ca4",
            "timeouts": null,
            "to_port": 6443,
            "type": "ingress"
          },
          "sensitive_attributes": [],
          "identity_schema_version": 0,
          "private": "eyJlMmJmYjczMC1lY2FhLTExZTYtOGY4OC0zNDM2M2JjN2M0YzAiOnsiY3JlYXRlIjozMDAwMDAwMDAwMDB9LCJzY2hlbWFfdmVyc2lvbiI6IjIifQ==",
          "dependencies": [
            "aws_vpc.capstone_vpc",
            "module.capstone_eks.aws_security_group.cluster",
            "module.capstone_eks.aws_security_group.node"
          ],
          "create_before_destroy": true
        },
        {
          "index_key": "ingress_cluster_8443_webhook",
          "schema_version": 2,
          "attributes": {
            "cidr_blocks": null,
            "description": "Cluster API to node 8443/tcp webhook",
            "from_port": 8443,
            "id": "sgrule-3777096230",
            "ipv6_cidr_blocks": null,
            "prefix_list_ids": [],
            "protocol": "tcp",
            "security_group_id": "sg-0daa32a8f3b03ce46",
            "security_group_rule_id": "sgr-06d729c52ade3c4a2",
            "self": false,
            "source_security_group_id": "sg-0409bee76c6115ca4",
            "timeouts": null,
            "to_port": 8443,
            "type": "ingress"
          },
          "sensitive_attributes": [],
          "identity_schema_version": 0,
          "private": "eyJlMmJmYjczMC1lY2FhLTExZTYtOGY4OC0zNDM2M2JjN2M0YzAiOnsiY3JlYXRlIjozMDAwMDAwMDAwMDB9LCJzY2hlbWFfdmVyc2lvbiI6IjIifQ==",
          "dependencies": [
            "aws_vpc.capstone_vpc",
            "module.capstone_eks.aws_security_group.cluster",
            "module.capstone_eks.aws_security_group.node"
          ],
          "create_before_destroy": true
        },
        {
          "index_key": "ingress_cluster_9443_webhook",
          "schema_version": 2,
          "attributes": {
            "cidr_blocks": null,
            "description": "Cluster API to node 9443/tcp webhook",
            "from_port": 9443,
            "id": "sgrule-2239814125",
            "ipv6_cidr_blocks": null,
            "prefix_list_ids": [],
            "protocol": "tcp",
            "security_group_id": "sg-0daa32a8f3b03ce46",
            "security_group_rule_id": "sgr-0ad278904e85d27c7",
            "self": false,
            "source_security_group_id": "sg-0409bee76c6115ca4",
            "timeouts": null,
            "to_port": 9443,
            "type": "ingress"
          },
          "sensitive_attributes": [],
          "identity_schema_version": 0,
          "private": "eyJlMmJmYjczMC1lY2FhLTExZTYtOGY4OC0zNDM2M2JjN2M0YzAiOnsiY3JlYXRlIjozMDAwMDAwMDAwMDB9LCJzY2hlbWFfdmVyc2lvbiI6IjIifQ==",
          "dependencies": [
            "aws_vpc.capstone_vpc",
            "module.capstone_eks.aws_security_group.cluster",
            "module.capstone_eks.aws_security_group.node"
          ],
          "create_before_destroy": true
        },
        {
          "index_key": "ingress_cluster_kubelet",
          "schema_version": 2,
          "attributes": {
            "cidr_blocks": null,
            "description": "Cluster API to node kubelets",
            "from_port": 10250,
            "id": "sgrule-12858644",
            "ipv6_cidr_blocks": null,
            "prefix_list_ids": [],
            "protocol": "tcp",
            "security_group_id": "sg-0daa32a8f3b03ce46",
            "security_group_rule_id": "sgr-0088efcc5b8415941",
            "self": false,
            "source_security_group_id": "sg-0409bee76c6115ca4",
            "timeouts": null,
            "to_port": 10250,
            "type": "ingress"
          },
          "sensitive_attributes": [],
          "identity_schema_version": 0,
          "private": "eyJlMmJmYjczMC1lY2FhLTExZTYtOGY4OC0zNDM2M2JjN2M0YzAiOnsiY3JlYXRlIjozMDAwMDAwMDAwMDB9LCJzY2hlbWFfdmVyc2lvbiI6IjIifQ==",
          "dependencies": [
            "aws_vpc.capstone_vpc",
            "module.capstone_eks.aws_security_group.cluster",
            "module.capstone_eks.aws_security_group.node"
          ],
          "create_before_destroy": true
        },
        {
          "index_key": "ingress_nodes_ephemeral",
          "schema_version": 2,
          "attributes": {
            "cidr_blocks": null,
            "description": "Node to node ingress on ephemeral ports",
            "from_port": 1025,
            "id": "sgrule-763878635",
            "ipv6_cidr_blocks": null,
            "prefix_list_ids": [],
            "protocol": "tcp",
            "security_group_id": "sg-0daa32a8f3b03ce46",
            "security_group_rule_id": "sgr-0fe0c3e8b9f14a095",
            "self": true,
            "source_security_group_id": null,
            "timeouts": null,
            "to_port": 65535,
            "type": "ingress"
          },
          "sensitive_attributes": [],
          "identity_schema_version": 0,
          "private": "eyJlMmJmYjczMC1lY2FhLTExZTYtOGY4OC0zNDM2M2JjN2M0YzAiOnsiY3JlYXRlIjozMDAwMDAwMDAwMDB9LCJzY2hlbWFfdmVyc2lvbiI6IjIifQ==",
          "dependencies": [
            "aws_vpc.capstone_vpc",
            "module.capstone_eks.aws_security_group.cluster",
            "module.capstone_eks.aws_security_group.node"
          ],
          "create_before_destroy": true
        },
        {
          "index_key": "ingress_self_coredns_tcp",
          "schema_version": 2,
          "attributes": {
            "cidr_blocks": null,
            "description": "Node to node CoreDNS",
            "from_port": 53,
            "id": "sgrule-4214335236",
            "ipv6_cidr_blocks": null,
            "prefix_list_ids": [],
            "protocol": "tcp",
            "security_group_id": "sg-0daa32a8f3b03ce46",
            "security_group_rule_id": "sgr-0228673add54a4b6a",
            "self": true,
            "source_security_group_id": null,
            "timeouts": null,
            "to_port": 53,
            "type": "ingress"
          },
          "sensitive_attributes": [],
          "identity_schema_version": 0,
          "private": "eyJlMmJmYjczMC1lY2FhLTExZTYtOGY4OC0zNDM2M2JjN2M0YzAiOnsiY3JlYXRlIjozMDAwMDAwMDAwMDB9LCJzY2hlbWFfdmVyc2lvbiI6IjIifQ==",
          "dependencies": [
            "aws_vpc.capstone_vpc",
            "module.capstone_eks.aws_security_group.cluster",
            "module.capstone_eks.aws_security_group.node"
          ],
          "create_before_destroy": true
        },
        {
          "index_key": "ingress_self_coredns_udp",
          "schema_version": 2,
          "attributes": {
            "cidr_blocks": null,
            "description": "Node to node CoreDNS UDP",
            "from_port": 53,
            "id": "sgrule-1601045739",
            "ipv6_cidr_blocks": null,
            "prefix_list_ids": [],
            "protocol": "udp",
            "security_group_id": "sg-0daa32a8f3b03ce46",
            "security_group_rule_id": "sgr-046d5b3d6a2cf828c",
            "self": true,
            "source_security_group_id": null,
            "timeouts": null,
            "to_port": 53,
            "type": "ingress"
          },
          "sensitive_attributes": [],
          "identity_schema_version": 0,
          "private": "eyJlMmJmYjczMC1lY2FhLTExZTYtOGY4OC0zNDM2M2JjN2M0YzAiOnsiY3JlYXRlIjozMDAwMDAwMDAwMDB9LCJzY2hlbWFfdmVyc2lvbiI6IjIifQ==",
          "dependencies": [
            "aws_vpc.capstone_vpc",
            "module.capstone_eks.aws_security_group.cluster",
            "module.capstone_eks.aws_security_group.node"
          ],
          "create_before_destroy": true
        }
      ]
    },
    {
      "module": "module.capstone_eks",
      "mode": "managed",
      "type": "time_sleep",
      "name": "this",
      "provider": "provider[\"registry.terraform.io/hashicorp/time\"]",
      "instances": [
        {
          "index_key": 0,
          "schema_version": 0,
          "attributes": {
            "create_duration": "30s",
            "destroy_duration": null,
            "id": "2025-12-19T10:41:57Z",
            "triggers": {
              "cluster_certificate_authority_data": "LS0tLS1CRUdJTiBDRVJUSUZJQ0FURS0tLS0tCk1JSURCVENDQWUyZ0F3SUJBZ0lJSllYN1JDMWhqWkV3RFFZSktvWklodmNOQVFFTEJRQXdGVEVUTUJFR0ExVUUKQXhNS2EzVmlaWEp1WlhSbGN6QWVGdzB5TlRFeU1Ua3hNRE15TlRWYUZ3MHpOVEV5TVRjeE1ETTNOVFZhTUJVeApFekFSQmdOVkJBTVRDbXQxWW1WeWJtVjBaWE13Z2dFaU1BMEdDU3FHU0liM0RRRUJBUVVBQTRJQkR3QXdnZ0VLCkFvSUJBUUM2dU1aa2ZJNWxzQW5USHp3dnpmNTZSQ2lIditDdWhreTQzcHFlV21OcXFDY2JHNDZ4L09JYithR1AKN3ZLVytoZzIxN3ZkNkN6Sytsb1AzNEhJWDJBVDlIc0lubmRHYzR3RHQ5cGRGNlBZUWxuaXhNYjN1QXgybFlBZApSS1dGSnE2ei9mbHZZdmpzTS9RdGhEN2VGcWkvRnFicWtURGRJWTNaYURMaVhwU3NnUzRzeTROcFFQaWdJUDBuCmhjUjUzR1lINi9BZDlIZ3p2WHZFN2tVcThFdThCQy93VUJZMHlUbXgrYXpCRUpreGFFQWRBUGpiOWwxMlNSQ1IKMjJKLzdGZDYybHFpSWJHS1dHZzlzWksvRmJwczFDUlgwTkZwVXV3T2dyQWYxQ1Z5Yk9vQVpHbkZHMGJ6d1A5cApScWZYcW9pOWtON2RCYmROUWxYSlRYbGIyZzJyQWdNQkFBR2pXVEJYTUE0R0ExVWREd0VCL3dRRUF3SUNwREFQCkJnTlZIUk1CQWY4RUJUQURBUUgvTUIwR0ExVWREZ1FXQkJRS0MvTzdGUzhFaXc4cnRqNVBJSGZsTjV5alBUQVYKQmdOVkhSRUVEakFNZ2dwcmRXSmxjbTVsZEdWek1BMEdDU3FHU0liM0RRRUJDd1VBQTRJQkFRQ3gwb0JISEhJOApnK21JQVJNbzJoRzBRc0xKbDAxU2N5WEdpRStuZzhWaFowUmcwcGdxcWxaUFVLZ09wZWtoMW1LY3ZpNmlnclhCCmhkZ0dnMHBVMStTSWVmcEwyODRhTzFPUEhsU0pjTFZEZHNib2toYnRSMHgwZkdBR0g1ckdxUitVQVRIWFhyTloKaUE1TzdGVGJSb3ppT0I0YnkySFBzOHNyL2V1Z2FHemVLU29CaTF3THRyOE1LRXg0OXErRXlqOEhqR1NRdTd6MgpLVE1TTnVVY1BlUTY2Z29YczZ0NlYycjdsM0tGUDdUWHVqbUw2ZFR5cE5PWWc3TFQvOHpJTlVxT3Rnc3BxZmlCCkV6OU9uU2JVQWFHR1RCQ1Rub1QzaCtMOHpMcXhpTFdEV2I2Y0FZTlJqQStwYWVsaG41U3dBOWxYenMzSjhta3UKd3FmaDlLVmFDMitKCi0tLS0tRU5EIENFUlRJRklDQVRFLS0tLS0K",
              "cluster_endpoint": "https://703BE2E9829C99585850D7696929CDAC.gr7.ap-south-1.eks.amazonaws.com",
              "cluster_name": "capstone-eks-cluster",
              "cluster_service_cidr": "172.20.0.0/16",
              "cluster_version": "1.29"
            }
          },
          "sensitive_attributes": [],
          "identity_schema_version": 0,
          "dependencies": [
            "aws_subnet.capstone_private_subnet",
            "aws_vpc.capstone_vpc",
            "module.capstone_eks.aws_cloudwatch_log_group.this",
            "module.capstone_eks.aws_eks_cluster.this",
            "module.capstone_eks.aws_iam_policy.cni_ipv6_policy",
            "module.capstone_eks.aws_iam_role.eks_auto",
            "module.capstone_eks.aws_iam_role.this",
            "module.capstone_eks.aws_iam_role_policy_attachment.this",
            "module.capstone_eks.aws_security_group.cluster",
            "module.capstone_eks.aws_security_group.node",
            "module.capstone_eks.aws_security_group_rule.cluster",
            "module.capstone_eks.aws_security_group_rule.node",
            "module.capstone_eks.data.aws_caller_identity.current",
            "module.capstone_eks.data.aws_iam_policy_document.assume_role_policy",
            "module.capstone_eks.data.aws_iam_policy_document.cni_ipv6_policy",
            "module.capstone_eks.data.aws_iam_policy_document.node_assume_role_policy",
            "module.capstone_eks.data.aws_iam_session_context.current",
            "module.capstone_eks.data.aws_partition.current",
            "module.capstone_eks.module.kms.aws_kms_external_key.this",
            "module.capstone_eks.module.kms.aws_kms_key.this",
            "module.capstone_eks.module.kms.aws_kms_replica_external_key.this",
            "module.capstone_eks.module.kms.aws_kms_replica_key.this",
            "module.capstone_eks.module.kms.data.aws_caller_identity.current",
            "module.capstone_eks.module.kms.data.aws_iam_policy_document.this",
            "module.capstone_eks.module.kms.data.aws_partition.current"
          ],
          "create_before_destroy": true
        }
      ]
    },
    {
      "module": "module.capstone_eks.module.eks_managed_node_group[\"capstone_nodegroup\"]",
      "mode": "data",
      "type": "aws_caller_identity",
      "name": "current",
      "provider": "provider[\"registry.terraform.io/hashicorp/aws\"]",
      "instances": [
        {
          "schema_version": 0,
          "attributes": {
            "account_id": "463655182088",
            "arn": "arn:aws:iam::463655182088:user/AbhiroopDevOpsCapstone",
            "id": "463655182088",
            "user_id": "AIDAWX5AAT4EPYEWBEIIT"
          },
          "sensitive_attributes": [],
          "identity_schema_version": 0
        }
      ]
    },
    {
      "module": "module.capstone_eks.module.eks_managed_node_group[\"capstone_nodegroup\"]",
      "mode": "data",
      "type": "aws_iam_policy_document",
      "name": "assume_role_policy",
      "provider": "provider[\"registry.terraform.io/hashicorp/aws\"]",
      "instances": [
        {
          "index_key": 0,
          "schema_version": 0,
          "attributes": {
            "id": "2560088296",
            "json": "{\n  \"Version\": \"2012-10-17\",\n  \"Statement\": [\n    {\n      \"Sid\": \"EKSNodeAssumeRole\",\n      \"Effect\": \"Allow\",\n      \"Action\": \"sts:AssumeRole\",\n      \"Principal\": {\n        \"Service\": \"ec2.amazonaws.com\"\n      }\n    }\n  ]\n}",
            "minified_json": "{\"Version\":\"2012-10-17\",\"Statement\":[{\"Sid\":\"EKSNodeAssumeRole\",\"Effect\":\"Allow\",\"Action\":\"sts:AssumeRole\",\"Principal\":{\"Service\":\"ec2.amazonaws.com\"}}]}",
            "override_json": null,
            "override_policy_documents": null,
            "policy_id": null,
            "source_json": null,
            "source_policy_documents": null,
            "statement": [
              {
                "actions": [
                  "sts:AssumeRole"
                ],
                "condition": [],
                "effect": "Allow",
                "not_actions": [],
                "not_principals": [],
                "not_resources": [],
                "principals": [
                  {
                    "identifiers": [
                      "ec2.amazonaws.com"
                    ],
                    "type": "Service"
                  }
                ],
                "resources": [],
                "sid": "EKSNodeAssumeRole"
              }
            ],
            "version": "2012-10-17"
          },
          "sensitive_attributes": [],
          "identity_schema_version": 0
        }
      ]
    },
    {
      "module": "module.capstone_eks.module.eks_managed_node_group[\"capstone_nodegroup\"]",
      "mode": "data",
      "type": "aws_partition",
      "name": "current",
      "provider": "provider[\"registry.terraform.io/hashicorp/aws\"]",
      "instances": [
        {
          "schema_version": 0,
          "attributes": {
            "dns_suffix": "amazonaws.com",
            "id": "aws",
            "partition": "aws",
            "reverse_dns_prefix": "com.amazonaws"
          },
          "sensitive_attributes": [],
          "identity_schema_version": 0
        }
      ]
    },
    {
      "module": "module.capstone_eks.module.eks_managed_node_group[\"capstone_nodegroup\"]",
      "mode": "managed",
      "type": "aws_eks_node_group",
      "name": "this",
      "provider": "provider[\"registry.terraform.io/hashicorp/aws\"]",
      "instances": [
        {
          "index_key": 0,
          "schema_version": 0,
          "attributes": {
            "ami_type": "AL2_x86_64",
            "arn": "arn:aws:eks:ap-south-1:463655182088:nodegroup/capstone-eks-cluster/capstone-eks-nodegroup-20251219104203219900000003/30cd9b19-e6f1-989f-e8f5-bdc29e65b497",
            "capacity_type": "ON_DEMAND",
            "cluster_name": "capstone-eks-cluster",
            "disk_size": 0,
            "force_update_version": null,
            "id": "capstone-eks-cluster:capstone-eks-nodegroup-20251219104203219900000003",
            "instance_types": [
              "t3.medium"
            ],
            "labels": {},
            "launch_template": [
              {
                "id": "lt-04d062b840563ac41",
                "name": "capstone_nodegroup-20251219104157452500000001",
                "version": "1"
              }
            ],
            "node_group_name": "capstone-eks-nodegroup-20251219104203219900000003",
            "node_group_name_prefix": "capstone-eks-nodegroup-",
            "node_repair_config": [],
            "node_role_arn": "arn:aws:iam::463655182088:role/capstone-eks-nodegroup-eks-node-group-20251219102912793100000004",
            "release_version": "1.29.15-20251209",
            "remote_access": [],
            "resources": [
              {
                "autoscaling_groups": [
                  {
                    "name": "eks-capstone-eks-nodegroup-20251219104203219900000003-30cd9b19-e6f1-989f-e8f5-bdc29e65b497"
                  }
                ],
                "remote_access_security_group_id": ""
              }
            ],
            "scaling_config": [
              {
                "desired_size": 2,
                "max_size": 3,
                "min_size": 1
              }
            ],
            "status": "ACTIVE",
            "subnet_ids": [
              "subnet-01e8777081281b9b3",
              "subnet-047e98aa0b5d5a8dc"
            ],
            "tags": {
              "Name": "capstone-eks-nodegroup",
              "Project": "capstone"
            },
            "tags_all": {
              "Name": "capstone-eks-nodegroup",
              "Project": "capstone"
            },
            "taint": [],
            "timeouts": {
              "create": null,
              "delete": null,
              "update": null
            },
            "update_config": [
              {
                "max_unavailable": 0,
                "max_unavailable_percentage": 33
              }
            ],
            "version": "1.29"
          },
          "sensitive_attributes": [],
          "identity_schema_version": 0,
          "private": "eyJlMmJmYjczMC1lY2FhLTExZTYtOGY4OC0zNDM2M2JjN2M0YzAiOnsiY3JlYXRlIjozNjAwMDAwMDAwMDAwLCJkZWxldGUiOjM2MDAwMDAwMDAwMDAsInVwZGF0ZSI6MzYwMDAwMDAwMDAwMH19",
          "dependencies": [
            "aws_subnet.capstone_private_subnet",
            "aws_vpc.capstone_vpc",
            "module.capstone_eks.aws_cloudwatch_log_group.this",
            "module.capstone_eks.aws_eks_cluster.this",
            "module.capstone_eks.aws_iam_policy.cni_ipv6_policy",
            "module.capstone_eks.aws_iam_role.eks_auto",
            "module.capstone_eks.aws_iam_role.this",
            "module.capstone_eks.aws_iam_role_policy_attachment.this",
            "module.capstone_eks.aws_security_group.cluster",
            "module.capstone_eks.aws_security_group.node",
            "module.capstone_eks.aws_security_group_rule.cluster",
            "module.capstone_eks.aws_security_group_rule.node",
            "module.capstone_eks.data.aws_caller_identity.current",
            "module.capstone_eks.data.aws_iam_policy_document.assume_role_policy",
            "module.capstone_eks.data.aws_iam_policy_document.cni_ipv6_policy",
            "module.capstone_eks.data.aws_iam_policy_document.node_assume_role_policy",
            "module.capstone_eks.data.aws_iam_session_context.current",
            "module.capstone_eks.data.aws_partition.current",
            "module.capstone_eks.module.eks_managed_node_group.aws_iam_role.this",
            "module.capstone_eks.module.eks_managed_node_group.aws_iam_role_policy_attachment.additional",
            "module.capstone_eks.module.eks_managed_node_group.aws_iam_role_policy_attachment.this",
            "module.capstone_eks.module.eks_managed_node_group.aws_launch_template.this",
            "module.capstone_eks.module.eks_managed_node_group.aws_placement_group.this",
            "module.capstone_eks.module.eks_managed_node_group.data.aws_caller_identity.current",
            "module.capstone_eks.module.eks_managed_node_group.data.aws_ec2_instance_type.this",
            "module.capstone_eks.module.eks_managed_node_group.data.aws_ec2_instance_type_offerings.this",
            "module.capstone_eks.module.eks_managed_node_group.data.aws_iam_policy_document.assume_role_policy",
            "module.capstone_eks.module.eks_managed_node_group.data.aws_partition.current",
            "module.capstone_eks.module.eks_managed_node_group.data.aws_ssm_parameter.ami",
            "module.capstone_eks.module.eks_managed_node_group.data.aws_subnets.placement_group",
            "module.capstone_eks.module.eks_managed_node_group.module.user_data.data.cloudinit_config.al2023_eks_managed_node_group",
            "module.capstone_eks.module.eks_managed_node_group.module.user_data.data.cloudinit_config.linux_eks_managed_node_group",
            "module.capstone_eks.module.kms.aws_kms_external_key.this",
            "module.capstone_eks.module.kms.aws_kms_key.this",
            "module.capstone_eks.module.kms.aws_kms_replica_external_key.this",
            "module.capstone_eks.module.kms.aws_kms_replica_key.this",
            "module.capstone_eks.module.kms.data.aws_caller_identity.current",
            "module.capstone_eks.module.kms.data.aws_iam_policy_document.this",
            "module.capstone_eks.module.kms.data.aws_partition.current",
            "module.capstone_eks.time_sleep.this"
          ],
          "create_before_destroy": true
        }
      ]
    },
    {
      "module": "module.capstone_eks.module.eks_managed_node_group[\"capstone_nodegroup\"]",
      "mode": "managed",
      "type": "aws_iam_role",
      "name": "this",
      "provider": "provider[\"registry.terraform.io/hashicorp/aws\"]",
      "instances": [
        {
          "index_key": 0,
          "schema_version": 0,
          "attributes": {
            "arn": "arn:aws:iam::463655182088:role/capstone-eks-nodegroup-eks-node-group-20251219102912793100000004",
            "assume_role_policy": "{\"Statement\":[{\"Action\":\"sts:AssumeRole\",\"Effect\":\"Allow\",\"Principal\":{\"Service\":\"ec2.amazonaws.com\"},\"Sid\":\"EKSNodeAssumeRole\"}],\"Version\":\"2012-10-17\"}",
            "create_date": "2025-12-19T10:29:13Z",
            "description": "EKS managed node group IAM role",
            "force_detach_policies": true,
            "id": "capstone-eks-nodegroup-eks-node-group-20251219102912793100000004",
            "inline_policy": [],
            "managed_policy_arns": [
              "arn:aws:iam::aws:policy/AmazonEC2ContainerRegistryReadOnly",
              "arn:aws:iam::aws:policy/AmazonEKSWorkerNodePolicy",
              "arn:aws:iam::aws:policy/AmazonEKS_CNI_Policy"
            ],
            "max_session_duration": 3600,
            "name": "capstone-eks-nodegroup-eks-node-group-20251219102912793100000004",
            "name_prefix": "capstone-eks-nodegroup-eks-node-group-",
            "path": "/",
            "permissions_boundary": "",
            "tags": {
              "Name": "capstone-eks-nodegroup",
              "Project": "capstone"
            },
            "tags_all": {
              "Name": "capstone-eks-nodegroup",
              "Project": "capstone"
            },
            "unique_id": "AROAWX5AAT4EOYA5TCKKB"
          },
          "sensitive_attributes": [],
          "identity_schema_version": 0,
          "private": "bnVsbA==",
          "dependencies": [
            "module.capstone_eks.module.eks_managed_node_group.data.aws_iam_policy_document.assume_role_policy"
          ],
          "create_before_destroy": true
        }
      ]
    },
    {
      "module": "module.capstone_eks.module.eks_managed_node_group[\"capstone_nodegroup\"]",
      "mode": "managed",
      "type": "aws_iam_role_policy_attachment",
      "name": "this",
      "provider": "provider[\"registry.terraform.io/hashicorp/aws\"]",
      "instances": [
        {
          "index_key": "AmazonEC2ContainerRegistryReadOnly",
          "schema_version": 0,
          "attributes": {
            "id": "capstone-eks-nodegroup-eks-node-group-20251219102912793100000004-20251219102916111700000007",
            "policy_arn": "arn:aws:iam::aws:policy/AmazonEC2ContainerRegistryReadOnly",
            "role": "capstone-eks-nodegroup-eks-node-group-20251219102912793100000004"
          },
          "sensitive_attributes": [],
          "identity_schema_version": 0,
          "private": "bnVsbA==",
          "dependencies": [
            "module.capstone_eks.module.eks_managed_node_group.aws_iam_role.this",
            "module.capstone_eks.module.eks_managed_node_group.data.aws_caller_identity.current",
            "module.capstone_eks.module.eks_managed_node_group.data.aws_iam_policy_document.assume_role_policy",
            "module.capstone_eks.module.eks_managed_node_group.data.aws_partition.current"
          ],
          "create_before_destroy": true
        },
        {
          "index_key": "AmazonEKSWorkerNodePolicy",
          "schema_version": 0,
          "attributes": {
            "id": "capstone-eks-nodegroup-eks-node-group-20251219102912793100000004-20251219102916234200000008",
            "policy_arn": "arn:aws:iam::aws:policy/AmazonEKSWorkerNodePolicy",
            "role": "capstone-eks-nodegroup-eks-node-group-20251219102912793100000004"
          },
          "sensitive_attributes": [],
          "identity_schema_version": 0,
          "private": "bnVsbA==",
          "dependencies": [
            "module.capstone_eks.module.eks_managed_node_group.aws_iam_role.this",
            "module.capstone_eks.module.eks_managed_node_group.data.aws_caller_identity.current",
            "module.capstone_eks.module.eks_managed_node_group.data.aws_iam_policy_document.assume_role_policy",
            "module.capstone_eks.module.eks_managed_node_group.data.aws_partition.current"
          ],
          "create_before_destroy": true
        },
        {
          "index_key": "AmazonEKS_CNI_Policy",
          "schema_version": 0,
          "attributes": {
            "id": "capstone-eks-nodegroup-eks-node-group-20251219102912793100000004-20251219102915568400000006",
            "policy_arn": "arn:aws:iam::aws:policy/AmazonEKS_CNI_Policy",
            "role": "capstone-eks-nodegroup-eks-node-group-20251219102912793100000004"
          },
          "sensitive_attributes": [],
          "identity_schema_version": 0,
          "private": "bnVsbA==",
          "dependencies": [
            "module.capstone_eks.module.eks_managed_node_group.aws_iam_role.this",
            "module.capstone_eks.module.eks_managed_node_group.data.aws_caller_identity.current",
            "module.capstone_eks.module.eks_managed_node_group.data.aws_iam_policy_document.assume_role_policy",
            "module.capstone_eks.module.eks_managed_node_group.data.aws_partition.current"
          ],
          "create_before_destroy": true
        }
      ]
    },
    {
      "module": "module.capstone_eks.module.eks_managed_node_group[\"capstone_nodegroup\"]",
      "mode": "managed",
      "type": "aws_launch_template",
      "name": "this",
      "provider": "provider[\"registry.terraform.io/hashicorp/aws\"]",
      "instances": [
        {
          "index_key": 0,
          "schema_version": 0,
          "attributes": {
            "arn": "arn:aws:ec2:ap-south-1:463655182088:launch-template/lt-04d062b840563ac41",
            "block_device_mappings": [],
            "capacity_reservation_specification": [],
            "cpu_options": [],
            "credit_specification": [],
            "default_version": 1,
            "description": "Custom launch template for capstone-eks-nodegroup EKS managed node group",
            "disable_api_stop": false,
            "disable_api_termination": false,
            "ebs_optimized": "",
            "elastic_gpu_specifications": [],
            "elastic_inference_accelerator": [],
            "enclave_options": [],
            "hibernation_options": [],
            "iam_instance_profile": [],
            "id": "lt-04d062b840563ac41",
            "image_id": "",
            "instance_initiated_shutdown_behavior": "",
            "instance_market_options": [],
            "instance_requirements": [],
            "instance_type": "",
            "kernel_id": "",
            "key_name": "",
            "latest_version": 1,
            "license_specification": [],
            "maintenance_options": [],
            "metadata_options": [
              {
                "http_endpoint": "enabled",
                "http_protocol_ipv6": "",
                "http_put_response_hop_limit": 2,
                "http_tokens": "required",
                "instance_metadata_tags": ""
              }
            ],
            "monitoring": [
              {
                "enabled": true
              }
            ],
            "name": "capstone_nodegroup-20251219104157452500000001",
            "name_prefix": "capstone_nodegroup-",
            "network_interfaces": [],
            "placement": [],
            "private_dns_name_options": [],
            "ram_disk_id": "",
            "security_group_names": [],
            "tag_specifications": [
              {
                "resource_type": "instance",
                "tags": {
                  "Name": "capstone-eks-nodegroup",
                  "Project": "capstone"
                }
              },
              {
                "resource_type": "network-interface",
                "tags": {
                  "Name": "capstone-eks-nodegroup",
                  "Project": "capstone"
                }
              },
              {
                "resource_type": "volume",
                "tags": {
                  "Name": "capstone-eks-nodegroup",
                  "Project": "capstone"
                }
              }
            ],
            "tags": {
              "Name": "capstone-eks-nodegroup",
              "Project": "capstone"
            },
            "tags_all": {
              "Name": "capstone-eks-nodegroup",
              "Project": "capstone"
            },
            "update_default_version": true,
            "user_data": "",
            "vpc_security_group_ids": [
              "sg-0daa32a8f3b03ce46"
            ]
          },
          "sensitive_attributes": [],
          "identity_schema_version": 0,
          "private": "bnVsbA==",
          "dependencies": [
            "aws_subnet.capstone_private_subnet",
            "aws_vpc.capstone_vpc",
            "module.capstone_eks.aws_cloudwatch_log_group.this",
            "module.capstone_eks.aws_eks_cluster.this",
            "module.capstone_eks.aws_iam_policy.cni_ipv6_policy",
            "module.capstone_eks.aws_iam_role.eks_auto",
            "module.capstone_eks.aws_iam_role.this",
            "module.capstone_eks.aws_iam_role_policy_attachment.this",
            "module.capstone_eks.aws_security_group.cluster",
            "module.capstone_eks.aws_security_group.node",
            "module.capstone_eks.aws_security_group_rule.cluster",
            "module.capstone_eks.aws_security_group_rule.node",
            "module.capstone_eks.data.aws_caller_identity.current",
            "module.capstone_eks.data.aws_iam_policy_document.assume_role_policy",
            "module.capstone_eks.data.aws_iam_policy_document.cni_ipv6_policy",
            "module.capstone_eks.data.aws_iam_policy_document.node_assume_role_policy",
            "module.capstone_eks.data.aws_iam_session_context.current",
            "module.capstone_eks.data.aws_partition.current",
            "module.capstone_eks.module.eks_managed_node_group.aws_iam_role.this",
            "module.capstone_eks.module.eks_managed_node_group.aws_iam_role_policy_attachment.additional",
            "module.capstone_eks.module.eks_managed_node_group.aws_iam_role_policy_attachment.this",
            "module.capstone_eks.module.eks_managed_node_group.aws_placement_group.this",
            "module.capstone_eks.module.eks_managed_node_group.data.aws_caller_identity.current",
            "module.capstone_eks.module.eks_managed_node_group.data.aws_ec2_instance_type.this",
            "module.capstone_eks.module.eks_managed_node_group.data.aws_iam_policy_document.assume_role_policy",
            "module.capstone_eks.module.eks_managed_node_group.data.aws_partition.current",
            "module.capstone_eks.module.eks_managed_node_group.module.user_data.data.cloudinit_config.al2023_eks_managed_node_group",
            "module.capstone_eks.module.eks_managed_node_group.module.user_data.data.cloudinit_config.linux_eks_managed_node_group",
            "module.capstone_eks.module.kms.aws_kms_external_key.this",
            "module.capstone_eks.module.kms.aws_kms_key.this",
            "module.capstone_eks.module.kms.aws_kms_replica_external_key.this",
            "module.capstone_eks.module.kms.aws_kms_replica_key.this",
            "module.capstone_eks.module.kms.data.aws_caller_identity.current",
            "module.capstone_eks.module.kms.data.aws_iam_policy_document.this",
            "module.capstone_eks.module.kms.data.aws_partition.current",
            "module.capstone_eks.time_sleep.this"
          ],
          "create_before_destroy": true
        }
      ]
    },
    {
      "module": "module.capstone_eks.module.eks_managed_node_group[\"capstone_nodegroup\"].module.user_data",
      "mode": "managed",
      "type": "null_resource",
      "name": "validate_cluster_service_cidr",
      "provider": "provider[\"registry.terraform.io/hashicorp/null\"]",
      "instances": [
        {
          "schema_version": 0,
          "attributes": {
            "id": "2124728746252445961",
            "triggers": null
          },
          "sensitive_attributes": [],
          "identity_schema_version": 0,
          "dependencies": [
            "aws_subnet.capstone_private_subnet",
            "aws_vpc.capstone_vpc",
            "module.capstone_eks.aws_cloudwatch_log_group.this",
            "module.capstone_eks.aws_eks_cluster.this",
            "module.capstone_eks.aws_iam_policy.cni_ipv6_policy",
            "module.capstone_eks.aws_iam_role.eks_auto",
            "module.capstone_eks.aws_iam_role.this",
            "module.capstone_eks.aws_iam_role_policy_attachment.this",
            "module.capstone_eks.aws_security_group.cluster",
            "module.capstone_eks.aws_security_group.node",
            "module.capstone_eks.aws_security_group_rule.cluster",
            "module.capstone_eks.aws_security_group_rule.node",
            "module.capstone_eks.data.aws_caller_identity.current",
            "module.capstone_eks.data.aws_iam_policy_document.assume_role_policy",
            "module.capstone_eks.data.aws_iam_policy_document.cni_ipv6_policy",
            "module.capstone_eks.data.aws_iam_policy_document.node_assume_role_policy",
            "module.capstone_eks.data.aws_iam_session_context.current",
            "module.capstone_eks.data.aws_partition.current",
            "module.capstone_eks.module.kms.aws_kms_external_key.this",
            "module.capstone_eks.module.kms.aws_kms_key.this",
            "module.capstone_eks.module.kms.aws_kms_replica_external_key.this",
            "module.capstone_eks.module.kms.aws_kms_replica_key.this",
            "module.capstone_eks.module.kms.data.aws_caller_identity.current",
            "module.capstone_eks.module.kms.data.aws_iam_policy_document.this",
            "module.capstone_eks.module.kms.data.aws_partition.current",
            "module.capstone_eks.time_sleep.this"
          ]
        }
      ]
    },
    {
      "module": "module.capstone_eks.module.kms",
      "mode": "data",
      "type": "aws_caller_identity",
      "name": "current",
      "provider": "provider[\"registry.terraform.io/hashicorp/aws\"]",
      "instances": [
        {
          "index_key": 0,
          "schema_version": 0,
          "attributes": {
            "account_id": "463655182088",
            "arn": "arn:aws:iam::463655182088:user/AbhiroopDevOpsCapstone",
            "id": "463655182088",
            "user_id": "AIDAWX5AAT4EPYEWBEIIT"
          },
          "sensitive_attributes": [],
          "identity_schema_version": 0
        }
      ]
    },
    {
      "module": "module.capstone_eks.module.kms",
      "mode": "data",
      "type": "aws_iam_policy_document",
      "name": "this",
      "provider": "provider[\"registry.terraform.io/hashicorp/aws\"]",
      "instances": [
        {
          "index_key": 0,
          "schema_version": 0,
          "attributes": {
            "id": "3671538750",
            "json": "{\n  \"Version\": \"2012-10-17\",\n  \"Statement\": [\n    {\n      \"Sid\": \"Default\",\n      \"Effect\": \"Allow\",\n      \"Action\": \"kms:*\",\n      \"Resource\": \"*\",\n      \"Principal\": {\n        \"AWS\": \"arn:aws:iam::463655182088:root\"\n      }\n    },\n    {\n      \"Sid\": \"KeyAdministration\",\n      \"Effect\": \"Allow\",\n      \"Action\": [\n        \"kms:Update*\",\n        \"kms:UntagResource\",\n        \"kms:TagResource\",\n        \"kms:ScheduleKeyDeletion\",\n        \"kms:Revoke*\",\n        \"kms:ReplicateKey\",\n        \"kms:Put*\",\n        \"kms:List*\",\n        \"kms:ImportKeyMaterial\",\n        \"kms:Get*\",\n        \"kms:Enable*\",\n        \"kms:Disable*\",\n        \"kms:Describe*\",\n        \"kms:Delete*\",\n        \"kms:Create*\",\n        \"kms:CancelKeyDeletion\"\n      ],\n      \"Resource\": \"*\",\n      \"Principal\": {\n        \"AWS\": \"arn:aws:iam::463655182088:user/AbhiroopDevOpsCapstone\"\n      }\n    },\n    {\n      \"Sid\": \"KeyUsage\",\n      \"Effect\": \"Allow\",\n      \"Action\": [\n        \"kms:ReEncrypt*\",\n        \"kms:GenerateDataKey*\",\n        \"kms:Encrypt\",\n        \"kms:DescribeKey\",\n        \"kms:Decrypt\"\n      ],\n      \"Resource\": \"*\",\n      \"Principal\": {\n        \"AWS\": \"arn:aws:iam::463655182088:role/capstone-eks-cluster-cluster-20251219102912793100000003\"\n      }\n    }\n  ]\n}",
            "minified_json": "{\"Version\":\"2012-10-17\",\"Statement\":[{\"Sid\":\"Default\",\"Effect\":\"Allow\",\"Action\":\"kms:*\",\"Resource\":\"*\",\"Principal\":{\"AWS\":\"arn:aws:iam::463655182088:root\"}},{\"Sid\":\"KeyAdministration\",\"Effect\":\"Allow\",\"Action\":[\"kms:Update*\",\"kms:UntagResource\",\"kms:TagResource\",\"kms:ScheduleKeyDeletion\",\"kms:Revoke*\",\"kms:ReplicateKey\",\"kms:Put*\",\"kms:List*\",\"kms:ImportKeyMaterial\",\"kms:Get*\",\"kms:Enable*\",\"kms:Disable*\",\"kms:Describe*\",\"kms:Delete*\",\"kms:Create*\",\"kms:CancelKeyDeletion\"],\"Resource\":\"*\",\"Principal\":{\"AWS\":\"arn:aws:iam::463655182088:user/AbhiroopDevOpsCapstone\"}},{\"Sid\":\"KeyUsage\",\"Effect\":\"Allow\",\"Action\":[\"kms:ReEncrypt*\",\"kms:GenerateDataKey*\",\"kms:Encrypt\",\"kms:DescribeKey\",\"kms:Decrypt\"],\"Resource\":\"*\",\"Principal\":{\"AWS\":\"arn:aws:iam::463655182088:role/capstone-eks-cluster-cluster-20251219102912793100000003\"}}]}",
            "override_json": null,
            "override_policy_documents": null,
            "policy_id": null,
            "source_json": null,
            "source_policy_documents": null,
            "statement": [
              {
                "actions": [
                  "kms:*"
                ],
                "condition": [],
                "effect": "Allow",
                "not_actions": [],
                "not_principals": [],
                "not_resources": [],
                "principals": [
                  {
                    "identifiers": [
                      "arn:aws:iam::463655182088:root"
                    ],
                    "type": "AWS"
                  }
                ],
                "resources": [
                  "*"
                ],
                "sid": "Default"
              },
              {
                "actions": [
                  "kms:CancelKeyDeletion",
                  "kms:Create*",
                  "kms:Delete*",
                  "kms:Describe*",
                  "kms:Disable*",
                  "kms:Enable*",
                  "kms:Get*",
                  "kms:ImportKeyMaterial",
                  "kms:List*",
                  "kms:Put*",
                  "kms:ReplicateKey",
                  "kms:Revoke*",
                  "kms:ScheduleKeyDeletion",
                  "kms:TagResource",
                  "kms:UntagResource",
                  "kms:Update*"
                ],
                "condition": [],
                "effect": "Allow",
                "not_actions": [],
                "not_principals": [],
                "not_resources": [],
                "principals": [
                  {
                    "identifiers": [
                      "arn:aws:iam::463655182088:user/AbhiroopDevOpsCapstone"
                    ],
                    "type": "AWS"
                  }
                ],
                "resources": [
                  "*"
                ],
                "sid": "KeyAdministration"
              },
              {
                "actions": [
                  "kms:Decrypt",
                  "kms:DescribeKey",
                  "kms:Encrypt",
                  "kms:GenerateDataKey*",
                  "kms:ReEncrypt*"
                ],
                "condition": [],
                "effect": "Allow",
                "not_actions": [],
                "not_principals": [],
                "not_resources": [],
                "principals": [
                  {
                    "identifiers": [
                      "arn:aws:iam::463655182088:role/capstone-eks-cluster-cluster-20251219102912793100000003"
                    ],
                    "type": "AWS"
                  }
                ],
                "resources": [
                  "*"
                ],
                "sid": "KeyUsage"
              }
            ],
            "version": "2012-10-17"
          },
          "sensitive_attributes": [],
          "identity_schema_version": 0
        }
      ]
    },
    {
      "module": "module.capstone_eks.module.kms",
      "mode": "data",
      "type": "aws_partition",
      "name": "current",
      "provider": "provider[\"registry.terraform.io/hashicorp/aws\"]",
      "instances": [
        {
          "index_key": 0,
          "schema_version": 0,
          "attributes": {
            "dns_suffix": "amazonaws.com",
            "id": "aws",
            "partition": "aws",
            "reverse_dns_prefix": "com.amazonaws"
          },
          "sensitive_attributes": [],
          "identity_schema_version": 0
        }
      ]
    },
    {
      "module": "module.capstone_eks.module.kms",
      "mode": "managed",
      "type": "aws_kms_alias",
      "name": "this",
      "provider": "provider[\"registry.terraform.io/hashicorp/aws\"]",
      "instances": [
        {
          "index_key": "cluster",
          "schema_version": 0,
          "attributes": {
            "arn": "arn:aws:kms:ap-south-1:463655182088:alias/eks/capstone-eks-cluster",
            "id": "alias/eks/capstone-eks-cluster",
            "name": "alias/eks/capstone-eks-cluster",
            "name_prefix": "",
            "target_key_arn": "arn:aws:kms:ap-south-1:463655182088:key/1c45e1a9-1cab-4b3c-8e8e-5c525525b3bd",
            "target_key_id": "1c45e1a9-1cab-4b3c-8e8e-5c525525b3bd"
          },
          "sensitive_attributes": [],
          "identity_schema_version": 0,
          "private": "bnVsbA==",
          "dependencies": [
            "module.capstone_eks.aws_iam_role.this",
            "module.capstone_eks.data.aws_caller_identity.current",
            "module.capstone_eks.data.aws_iam_policy_document.assume_role_policy",
            "module.capstone_eks.data.aws_iam_session_context.current",
            "module.capstone_eks.module.kms.aws_kms_external_key.this",
            "module.capstone_eks.module.kms.aws_kms_key.this",
            "module.capstone_eks.module.kms.aws_kms_replica_external_key.this",
            "module.capstone_eks.module.kms.aws_kms_replica_key.this",
            "module.capstone_eks.module.kms.data.aws_caller_identity.current",
            "module.capstone_eks.module.kms.data.aws_iam_policy_document.this",
            "module.capstone_eks.module.kms.data.aws_partition.current"
          ]
        }
      ]
    },
    {
      "module": "module.capstone_eks.module.kms",
      "mode": "managed",
      "type": "aws_kms_key",
      "name": "this",
      "provider": "provider[\"registry.terraform.io/hashicorp/aws\"]",
      "instances": [
        {
          "index_key": 0,
          "schema_version": 0,
          "attributes": {
            "arn": "arn:aws:kms:ap-south-1:463655182088:key/1c45e1a9-1cab-4b3c-8e8e-5c525525b3bd",
            "bypass_policy_lockout_safety_check": false,
            "custom_key_store_id": "",
            "customer_master_key_spec": "SYMMETRIC_DEFAULT",
            "deletion_window_in_days": null,
            "description": "capstone-eks-cluster cluster encryption key",
            "enable_key_rotation": true,
            "id": "1c45e1a9-1cab-4b3c-8e8e-5c525525b3bd",
            "is_enabled": true,
            "key_id": "1c45e1a9-1cab-4b3c-8e8e-5c525525b3bd",
            "key_usage": "ENCRYPT_DECRYPT",
            "multi_region": false,
            "policy": "{\"Statement\":[{\"Action\":\"kms:*\",\"Effect\":\"Allow\",\"Principal\":{\"AWS\":\"arn:aws:iam::463655182088:root\"},\"Resource\":\"*\",\"Sid\":\"Default\"},{\"Action\":[\"kms:Update*\",\"kms:UntagResource\",\"kms:TagResource\",\"kms:ScheduleKeyDeletion\",\"kms:Revoke*\",\"kms:ReplicateKey\",\"kms:Put*\",\"kms:List*\",\"kms:ImportKeyMaterial\",\"kms:Get*\",\"kms:Enable*\",\"kms:Disable*\",\"kms:Describe*\",\"kms:Delete*\",\"kms:Create*\",\"kms:CancelKeyDeletion\"],\"Effect\":\"Allow\",\"Principal\":{\"AWS\":\"arn:aws:iam::463655182088:user/AbhiroopDevOpsCapstone\"},\"Resource\":\"*\",\"Sid\":\"KeyAdministration\"},{\"Action\":[\"kms:ReEncrypt*\",\"kms:GenerateDataKey*\",\"kms:Encrypt\",\"kms:DescribeKey\",\"kms:Decrypt\"],\"Effect\":\"Allow\",\"Principal\":{\"AWS\":\"arn:aws:iam::463655182088:role/capstone-eks-cluster-cluster-20251219102912793100000003\"},\"Resource\":\"*\",\"Sid\":\"KeyUsage\"}],\"Version\":\"2012-10-17\"}",
            "rotation_period_in_days": 365,
            "tags": {
              "Name": "capstone-eks-cluster",
              "Project": "capstone",
              "terraform-aws-modules": "eks"
            },
            "tags_all": {
              "Name": "capstone-eks-cluster",
              "Project": "capstone",
              "terraform-aws-modules": "eks"
            },
            "timeouts": null,
            "xks_key_id": ""
          },
          "sensitive_attributes": [],
          "identity_schema_version": 0,
          "private": "eyJlMmJmYjczMC1lY2FhLTExZTYtOGY4OC0zNDM2M2JjN2M0YzAiOnsiY3JlYXRlIjoxMjAwMDAwMDAwMDB9fQ==",
          "dependencies": [
            "module.capstone_eks.aws_iam_role.this",
            "module.capstone_eks.data.aws_caller_identity.current",
            "module.capstone_eks.data.aws_iam_policy_document.assume_role_policy",
            "module.capstone_eks.data.aws_iam_session_context.current",
            "module.capstone_eks.module.kms.data.aws_caller_identity.current",
            "module.capstone_eks.module.kms.data.aws_iam_policy_document.this",
            "module.capstone_eks.module.kms.data.aws_partition.current"
          ],
          "create_before_destroy": true
        }
      ]
    }
  ],
  "check_results": null
}
